// !$*UTF8*$!
{
	archiveVersion = 1;
	classes = {
	};
	objectVersion = 56;
	objects = {

/* Begin PBXBuildFile section */
		710082BE2B4C5643007831F5 /* ProductDetailVM.swift in Sources */ = {isa = PBXBuildFile; fileRef = 710082BD2B4C5643007831F5 /* ProductDetailVM.swift */; };
		710082C02B4C61D1007831F5 /* CartVM.swift in Sources */ = {isa = PBXBuildFile; fileRef = 710082BF2B4C61D1007831F5 /* CartVM.swift */; };
		710082C22B4C6228007831F5 /* Position.swift in Sources */ = {isa = PBXBuildFile; fileRef = 710082C12B4C6228007831F5 /* Position.swift */; };
		710082C42B4C6975007831F5 /* CartCell.swift in Sources */ = {isa = PBXBuildFile; fileRef = 710082C32B4C6975007831F5 /* CartCell.swift */; };
		710E3DF62D058ACB002FD2F5 /* HeaderAuthView.swift in Sources */ = {isa = PBXBuildFile; fileRef = 710E3DF52D058ACB002FD2F5 /* HeaderAuthView.swift */; };
		710E3DF82D058C8A002FD2F5 /* ImageGridAuthView.swift in Sources */ = {isa = PBXBuildFile; fileRef = 710E3DF72D058C8A002FD2F5 /* ImageGridAuthView.swift */; };
		710E3DFA2D058D68002FD2F5 /* ButtonsAuthView.swift in Sources */ = {isa = PBXBuildFile; fileRef = 710E3DF92D058D68002FD2F5 /* ButtonsAuthView.swift */; };
		710E3DFE2D0590D4002FD2F5 /* LanguageToggleAuthView.swift in Sources */ = {isa = PBXBuildFile; fileRef = 710E3DFD2D0590D4002FD2F5 /* LanguageToggleAuthView.swift */; };
		710E3E032D0701C6002FD2F5 /* AuthorizationView.swift in Sources */ = {isa = PBXBuildFile; fileRef = 710E3E022D0701C6002FD2F5 /* AuthorizationView.swift */; };
		710E3E052D0701CD002FD2F5 /* RegistrationView.swift in Sources */ = {isa = PBXBuildFile; fileRef = 710E3E042D0701CD002FD2F5 /* RegistrationView.swift */; };
		710E3E072D0701E5002FD2F5 /* AnimatedImagesView.swift in Sources */ = {isa = PBXBuildFile; fileRef = 710E3E062D0701E5002FD2F5 /* AnimatedImagesView.swift */; };
		710E3E092D071C53002FD2F5 /* AuthFieldsView.swift in Sources */ = {isa = PBXBuildFile; fileRef = 710E3E082D071C53002FD2F5 /* AuthFieldsView.swift */; };
		710E3E0D2D0840E4002FD2F5 /* ForgotPasswordView.swift in Sources */ = {isa = PBXBuildFile; fileRef = 710E3E0C2D0840E4002FD2F5 /* ForgotPasswordView.swift */; };
		710E3E112D086811002FD2F5 /* RegistrationFieldsView.swift in Sources */ = {isa = PBXBuildFile; fileRef = 710E3E102D086811002FD2F5 /* RegistrationFieldsView.swift */; };
		710E3E132D086CF4002FD2F5 /* RegistrationConfirmationView.swift in Sources */ = {isa = PBXBuildFile; fileRef = 710E3E122D086CF4002FD2F5 /* RegistrationConfirmationView.swift */; };
		7110821F2D0C1AC8005B093C /* ImageLayer.swift in Sources */ = {isa = PBXBuildFile; fileRef = 7110821E2D0C1AC8005B093C /* ImageLayer.swift */; };
		711082212D0C63B1005B093C /* EditProfileView.swift in Sources */ = {isa = PBXBuildFile; fileRef = 711082202D0C63B1005B093C /* EditProfileView.swift */; };
		7110A8C52B83850D00457615 /* CreateProductVM.swift in Sources */ = {isa = PBXBuildFile; fileRef = 7110A8C42B83850D00457615 /* CreateProductVM.swift */; };
		71185BBF2D357E4000BB4BBB /* ViewExtention.swift in Sources */ = {isa = PBXBuildFile; fileRef = 71185BBE2D357E4000BB4BBB /* ViewExtention.swift */; };
		71185BC12D357E7A00BB4BBB /* TextExtention.swift in Sources */ = {isa = PBXBuildFile; fileRef = 71185BC02D357E7A00BB4BBB /* TextExtention.swift */; };
		71185BC32D357EBB00BB4BBB /* UIApplicationExtention.swift in Sources */ = {isa = PBXBuildFile; fileRef = 71185BC22D357EBB00BB4BBB /* UIApplicationExtention.swift */; };
		71185BC62D35887900BB4BBB /* CustomNavigation.swift in Sources */ = {isa = PBXBuildFile; fileRef = 71185BC52D35887900BB4BBB /* CustomNavigation.swift */; };
		71185BC82D393D4C00BB4BBB /* AuthorizationVM.swift in Sources */ = {isa = PBXBuildFile; fileRef = 71185BC72D393D4C00BB4BBB /* AuthorizationVM.swift */; };
		71185BCA2D393D6A00BB4BBB /* RegistrationVM.swift in Sources */ = {isa = PBXBuildFile; fileRef = 71185BC92D393D6A00BB4BBB /* RegistrationVM.swift */; };
		71185BCC2D393DA400BB4BBB /* AuthBaseVM.swift in Sources */ = {isa = PBXBuildFile; fileRef = 71185BCB2D393DA400BB4BBB /* AuthBaseVM.swift */; };
		71185BCF2D3A987100BB4BBB /* AlertView.swift in Sources */ = {isa = PBXBuildFile; fileRef = 71185BCE2D3A987100BB4BBB /* AlertView.swift */; };
		711ED8EA2B50085B0052752F /* AuthService.swift in Sources */ = {isa = PBXBuildFile; fileRef = 711ED8E92B50085B0052752F /* AuthService.swift */; };
		711ED9572B5011140052752F /* NewUser.swift in Sources */ = {isa = PBXBuildFile; fileRef = 711ED9562B5011140052752F /* NewUser.swift */; };
		711ED9592B5011F70052752F /* Profile.swift in Sources */ = {isa = PBXBuildFile; fileRef = 711ED9582B5011F70052752F /* Profile.swift */; };
		711ED95B2B50120F0052752F /* Order.swift in Sources */ = {isa = PBXBuildFile; fileRef = 711ED95A2B50120F0052752F /* Order.swift */; };
		711ED95E2B5012650052752F /* OrderStatus.swift in Sources */ = {isa = PBXBuildFile; fileRef = 711ED95D2B5012650052752F /* OrderStatus.swift */; };
		711ED9602B504AF00052752F /* OrderService.swift in Sources */ = {isa = PBXBuildFile; fileRef = 711ED95F2B504AF00052752F /* OrderService.swift */; };
		711ED9622B504B150052752F /* ProductsRepository.swift in Sources */ = {isa = PBXBuildFile; fileRef = 711ED9612B504B150052752F /* ProductsRepository.swift */; };
		711ED96E2B504CD80052752F /* OrdersView.swift in Sources */ = {isa = PBXBuildFile; fileRef = 711ED96D2B504CD80052752F /* OrdersView.swift */; };
		711ED9702B504CE60052752F /* ProductsEditView.swift in Sources */ = {isa = PBXBuildFile; fileRef = 711ED96F2B504CE60052752F /* ProductsEditView.swift */; };
		711ED9722B504CEE0052752F /* CreateProductView.swift in Sources */ = {isa = PBXBuildFile; fileRef = 711ED9712B504CEE0052752F /* CreateProductView.swift */; };
		711ED9742B504D680052752F /* MainTabVM.swift in Sources */ = {isa = PBXBuildFile; fileRef = 711ED9732B504D680052752F /* MainTabVM.swift */; };
		711ED9762B504EAF0052752F /* ProfileVM.swift in Sources */ = {isa = PBXBuildFile; fileRef = 711ED9752B504EAF0052752F /* ProfileVM.swift */; };
		7127168D2BA35BAC00460FB1 /* Accesses.swift in Sources */ = {isa = PBXBuildFile; fileRef = 7127168C2BA35BAC00460FB1 /* Accesses.swift */; };
		7127168F2BA35CF300460FB1 /* Images.swift in Sources */ = {isa = PBXBuildFile; fileRef = 7127168E2BA35CF300460FB1 /* Images.swift */; };
		712716912BA35FB000460FB1 /* Colors .swift in Sources */ = {isa = PBXBuildFile; fileRef = 712716902BA35FB000460FB1 /* Colors .swift */; };
		712C62812CAB05FF00258BD3 /* Colors.xcassets in Resources */ = {isa = PBXBuildFile; fileRef = 712C62802CAB05FF00258BD3 /* Colors.xcassets */; };
		7130318F2BF39E7D00605DD6 /* KIYIZGROUPTests.swift in Sources */ = {isa = PBXBuildFile; fileRef = 7130318E2BF39E7D00605DD6 /* KIYIZGROUPTests.swift */; };
		713031962BF39EB700605DD6 /* CartTest.swift in Sources */ = {isa = PBXBuildFile; fileRef = 713031952BF39EB700605DD6 /* CartTest.swift */; };
		713031982BF3A9E500605DD6 /* ProductServiceTests.swift in Sources */ = {isa = PBXBuildFile; fileRef = 713031972BF3A9E500605DD6 /* ProductServiceTests.swift */; };
		71353CD62B6D16FE008A7868 /* ProfileCell.swift in Sources */ = {isa = PBXBuildFile; fileRef = 71353CD52B6D16FE008A7868 /* ProfileCell.swift */; };
		71353CD82B6D5770008A7868 /* ImagePicker.swift in Sources */ = {isa = PBXBuildFile; fileRef = 71353CD72B6D5770008A7868 /* ImagePicker.swift */; };
		713A29022B91FD5100CE720D /* ProductDetailEditView.swift in Sources */ = {isa = PBXBuildFile; fileRef = 713A29012B91FD5100CE720D /* ProductDetailEditView.swift */; };
		713A29042B91FDBF00CE720D /* ProductDetailEditVM.swift in Sources */ = {isa = PBXBuildFile; fileRef = 713A29032B91FDBF00CE720D /* ProductDetailEditVM.swift */; };
		7143C86D2CE3ACEF004CC4B9 /* GoogleService-Info.plist in Resources */ = {isa = PBXBuildFile; fileRef = 7143C86C2CE3ACEF004CC4B9 /* GoogleService-Info.plist */; };
		7143C86F2CE3B388004CC4B9 /* TextComponent.swift in Sources */ = {isa = PBXBuildFile; fileRef = 7143C86E2CE3B388004CC4B9 /* TextComponent.swift */; };
		7143C8712CE3B504004CC4B9 /* Color.xcassets in Resources */ = {isa = PBXBuildFile; fileRef = 7143C8702CE3B504004CC4B9 /* Color.xcassets */; };
		7143C8742CE3C7AE004CC4B9 /* CustomDesignView.swift in Sources */ = {isa = PBXBuildFile; fileRef = 7143C8732CE3C7AE004CC4B9 /* CustomDesignView.swift */; };
		7143C8772CE3D478004CC4B9 /* LoadingView.swift in Sources */ = {isa = PBXBuildFile; fileRef = 7143C8762CE3D478004CC4B9 /* LoadingView.swift */; };
		7143C8792CE3D5A0004CC4B9 /* PopularSectionView.swift in Sources */ = {isa = PBXBuildFile; fileRef = 7143C8782CE3D5A0004CC4B9 /* PopularSectionView.swift */; };
		7143C87D2CE76ED3004CC4B9 /* CustomDesignSectionView.swift in Sources */ = {isa = PBXBuildFile; fileRef = 7143C87C2CE76ED3004CC4B9 /* CustomDesignSectionView.swift */; };
		7143C8812CE76F0A004CC4B9 /* CategorySectionView1.swift in Sources */ = {isa = PBXBuildFile; fileRef = 7143C8802CE76F0A004CC4B9 /* CategorySectionView1.swift */; };
		7143C8832CE77864004CC4B9 /* CustomView.swift in Sources */ = {isa = PBXBuildFile; fileRef = 7143C8822CE77864004CC4B9 /* CustomView.swift */; };
		7143C8852CE7830E004CC4B9 /* ProductSectionView.swift in Sources */ = {isa = PBXBuildFile; fileRef = 7143C8842CE7830E004CC4B9 /* ProductSectionView.swift */; };
		7143C8882CE79C9F004CC4B9 /* ButtonComponents.swift in Sources */ = {isa = PBXBuildFile; fileRef = 7143C8872CE79C9F004CC4B9 /* ButtonComponents.swift */; };
		7143C88B2CE7D3E5004CC4B9 /* ProductInfoView.swift in Sources */ = {isa = PBXBuildFile; fileRef = 7143C88A2CE7D3E5004CC4B9 /* ProductInfoView.swift */; };
		7149E0A22D2D3AF2009A8689 /* ChangePasswordView.swift in Sources */ = {isa = PBXBuildFile; fileRef = 7149E0A12D2D3AF2009A8689 /* ChangePasswordView.swift */; };
		7149E0A52D2EC420009A8689 /* DeliveryView.swift in Sources */ = {isa = PBXBuildFile; fileRef = 7149E0A42D2EC420009A8689 /* DeliveryView.swift */; };
		7149E0A72D2EC43B009A8689 /* CustomOrdersView.swift in Sources */ = {isa = PBXBuildFile; fileRef = 7149E0A62D2EC43B009A8689 /* CustomOrdersView.swift */; };
		7149E0A92D2EC462009A8689 /* AddressView.swift in Sources */ = {isa = PBXBuildFile; fileRef = 7149E0A82D2EC462009A8689 /* AddressView.swift */; };
		7149E0AC2D2EC489009A8689 /* ProfileActionRow.swift in Sources */ = {isa = PBXBuildFile; fileRef = 7149E0AB2D2EC489009A8689 /* ProfileActionRow.swift */; };
		714F76BD2B602AA200931C2A /* Texts.swift in Sources */ = {isa = PBXBuildFile; fileRef = 714F76BC2B602AA200931C2A /* Texts.swift */; };
		714F76C02B63F34B00931C2A /* PopularProductCell.swift in Sources */ = {isa = PBXBuildFile; fileRef = 714F76BF2B63F34B00931C2A /* PopularProductCell.swift */; };
		714F7AE52B599D9900E533AD /* ProfileService.swift in Sources */ = {isa = PBXBuildFile; fileRef = 714F7AE42B599D9900E533AD /* ProfileService.swift */; };
		7179A9EA2CF750F4005270CF /* OrderDetailsView.swift in Sources */ = {isa = PBXBuildFile; fileRef = 7179A9E92CF750F4005270CF /* OrderDetailsView.swift */; };
		7179A9EC2CF75929005270CF /* InfoView.swift in Sources */ = {isa = PBXBuildFile; fileRef = 7179A9EB2CF75929005270CF /* InfoView.swift */; };
		7179A9EF2CF77F13005270CF /* DetailView.swift in Sources */ = {isa = PBXBuildFile; fileRef = 7179A9EE2CF77F13005270CF /* DetailView.swift */; };
		7179A9F42CF782FE005270CF /* ProfileHeaderView.swift in Sources */ = {isa = PBXBuildFile; fileRef = 7179A9F32CF782FE005270CF /* ProfileHeaderView.swift */; };
		7179A9F62CF78306005270CF /* ProfileActionsView.swift in Sources */ = {isa = PBXBuildFile; fileRef = 7179A9F52CF78306005270CF /* ProfileActionsView.swift */; };
		7179A9F82CF78310005270CF /* ProfileInfoView.swift in Sources */ = {isa = PBXBuildFile; fileRef = 7179A9F72CF78310005270CF /* ProfileInfoView.swift */; };
		7179A9FE2CF89BD6005270CF /* ProductTypeSection.swift in Sources */ = {isa = PBXBuildFile; fileRef = 7179A9FD2CF89BD6005270CF /* ProductTypeSection.swift */; };
		7179AA002CF89BEF005270CF /* DesignSelectionSection.swift in Sources */ = {isa = PBXBuildFile; fileRef = 7179A9FF2CF89BEF005270CF /* DesignSelectionSection.swift */; };
		7179AA022CF89C09005270CF /* AdditionalInfoSection.swift in Sources */ = {isa = PBXBuildFile; fileRef = 7179AA012CF89C09005270CF /* AdditionalInfoSection.swift */; };
		717D0FCB2B5AB75F001F2E6E /* ProductService.swift in Sources */ = {isa = PBXBuildFile; fileRef = 717D0FCA2B5AB75F001F2E6E /* ProductService.swift */; };
		71929EDD2BB6D360001489CB /* AlertModel.swift in Sources */ = {isa = PBXBuildFile; fileRef = 71929EDC2BB6D360001489CB /* AlertModel.swift */; };
		719363202CECCEA4006FDC6A /* CartOrdersView.swift in Sources */ = {isa = PBXBuildFile; fileRef = 7193631F2CECCEA4006FDC6A /* CartOrdersView.swift */; };
		719363222CECD7F5006FDC6A /* CartOrdersCell.swift in Sources */ = {isa = PBXBuildFile; fileRef = 719363212CECD7F5006FDC6A /* CartOrdersCell.swift */; };
		719363252CEE2BFE006FDC6A /* HeaderView.swift in Sources */ = {isa = PBXBuildFile; fileRef = 719363242CEE2BFE006FDC6A /* HeaderView.swift */; };
		719363272CEE382B006FDC6A /* TextFieldComponent.swift in Sources */ = {isa = PBXBuildFile; fileRef = 719363262CEE382B006FDC6A /* TextFieldComponent.swift */; };
		719363292CEE3EB7006FDC6A /* AddressInputView.swift in Sources */ = {isa = PBXBuildFile; fileRef = 719363282CEE3EB7006FDC6A /* AddressInputView.swift */; };
		7193632B2CEE4028006FDC6A /* AddressPhoneSection.swift in Sources */ = {isa = PBXBuildFile; fileRef = 7193632A2CEE4028006FDC6A /* AddressPhoneSection.swift */; };
		7193632D2CEE489F006FDC6A /* PaymentMethodSection.swift in Sources */ = {isa = PBXBuildFile; fileRef = 7193632C2CEE489F006FDC6A /* PaymentMethodSection.swift */; };
		7193632F2CEE6338006FDC6A /* OrderSummaryView.swift in Sources */ = {isa = PBXBuildFile; fileRef = 7193632E2CEE6338006FDC6A /* OrderSummaryView.swift */; };
		719363322CEFAC9D006FDC6A /* PromoCodeSection.swift in Sources */ = {isa = PBXBuildFile; fileRef = 719363312CEFAC9D006FDC6A /* PromoCodeSection.swift */; };
		71AD03AA2B766BED006231F9 /* OrdersVM.swift in Sources */ = {isa = PBXBuildFile; fileRef = 71AD03A92B766BED006231F9 /* OrdersVM.swift */; };
		71AD03AE2B766CD4006231F9 /* OrderCell.swift in Sources */ = {isa = PBXBuildFile; fileRef = 71AD03AD2B766CD4006231F9 /* OrderCell.swift */; };
		71AD03B02B768663006231F9 /* StatusColors.swift in Sources */ = {isa = PBXBuildFile; fileRef = 71AD03AF2B768663006231F9 /* StatusColors.swift */; };
		71AD03B32B76881A006231F9 /* OrderDetail.swift in Sources */ = {isa = PBXBuildFile; fileRef = 71AD03B22B76881A006231F9 /* OrderDetail.swift */; };
		71AD03B52B768A00006231F9 /* OrderDetailVM.swift in Sources */ = {isa = PBXBuildFile; fileRef = 71AD03B42B768A00006231F9 /* OrderDetailVM.swift */; };
		71AE76972BE8DF4100E4E3A3 /* PromoCodeView.swift in Sources */ = {isa = PBXBuildFile; fileRef = 71AE76962BE8DF4100E4E3A3 /* PromoCodeView.swift */; };
		71BE6A922BA85A1E0004ED32 /* Localizable.strings in Resources */ = {isa = PBXBuildFile; fileRef = 71BE6A902BA85A1E0004ED32 /* Localizable.strings */; };
		71BE6A982BA9A34E0004ED32 /* Localization.swift in Sources */ = {isa = PBXBuildFile; fileRef = 71BE6A972BA9A34E0004ED32 /* Localization.swift */; };
		71D7823C2BF79C030021C150 /* FirebaseAppCheck in Frameworks */ = {isa = PBXBuildFile; productRef = 71D7823B2BF79C030021C150 /* FirebaseAppCheck */; };
		71D7823E2BF79C030021C150 /* FirebaseAppDistribution-Beta in Frameworks */ = {isa = PBXBuildFile; productRef = 71D7823D2BF79C030021C150 /* FirebaseAppDistribution-Beta */; };
		71D782402BF79C030021C150 /* FirebaseAuth in Frameworks */ = {isa = PBXBuildFile; productRef = 71D7823F2BF79C030021C150 /* FirebaseAuth */; };
		71D782422BF79C030021C150 /* FirebaseAuthCombine-Community in Frameworks */ = {isa = PBXBuildFile; productRef = 71D782412BF79C030021C150 /* FirebaseAuthCombine-Community */; };
		71D782482BF79C030021C150 /* FirebaseDatabaseSwift in Frameworks */ = {isa = PBXBuildFile; productRef = 71D782472BF79C030021C150 /* FirebaseDatabaseSwift */; };
		71D7824A2BF79C030021C150 /* FirebaseFirestore in Frameworks */ = {isa = PBXBuildFile; productRef = 71D782492BF79C030021C150 /* FirebaseFirestore */; };
		71D782522BF79C030021C150 /* FirebaseRemoteConfig in Frameworks */ = {isa = PBXBuildFile; productRef = 71D782512BF79C030021C150 /* FirebaseRemoteConfig */; };
		71D782542BF79C030021C150 /* FirebaseRemoteConfigSwift in Frameworks */ = {isa = PBXBuildFile; productRef = 71D782532BF79C030021C150 /* FirebaseRemoteConfigSwift */; };
		71D782562BF79C030021C150 /* FirebaseStorage in Frameworks */ = {isa = PBXBuildFile; productRef = 71D782552BF79C030021C150 /* FirebaseStorage */; };
		71D782582BF79C030021C150 /* FirebaseStorageCombine-Community in Frameworks */ = {isa = PBXBuildFile; productRef = 71D782572BF79C030021C150 /* FirebaseStorageCombine-Community */; };
		71D7825B2BF79CA00021C150 /* SDWebImageSwiftUI in Frameworks */ = {isa = PBXBuildFile; productRef = 71D7825A2BF79CA00021C150 /* SDWebImageSwiftUI */; };
		71DCC3212B9A20BE00442C32 /* Extentions.swift in Sources */ = {isa = PBXBuildFile; fileRef = 71DCC3202B9A20BE00442C32 /* Extentions.swift */; };
		71E45F9C2B48568F00941CE7 /* KIYIZGROUPApp.swift in Sources */ = {isa = PBXBuildFile; fileRef = 71E45F9B2B48568F00941CE7 /* KIYIZGROUPApp.swift */; };
		71E45F9E2B48568F00941CE7 /* AuthenticationView.swift in Sources */ = {isa = PBXBuildFile; fileRef = 71E45F9D2B48568F00941CE7 /* AuthenticationView.swift */; };
		71E45FA02B48569000941CE7 /* Assets.xcassets in Resources */ = {isa = PBXBuildFile; fileRef = 71E45F9F2B48569000941CE7 /* Assets.xcassets */; };
		71E45FA32B48569000941CE7 /* Preview Assets.xcassets in Resources */ = {isa = PBXBuildFile; fileRef = 71E45FA22B48569000941CE7 /* Preview Assets.xcassets */; };
		71E45FAA2B4868A000941CE7 /* TabBar.swift in Sources */ = {isa = PBXBuildFile; fileRef = 71E45FA92B4868A000941CE7 /* TabBar.swift */; };
		71E45FAC2B486C4900941CE7 /* CatalogView.swift in Sources */ = {isa = PBXBuildFile; fileRef = 71E45FAB2B486C4900941CE7 /* CatalogView.swift */; };
		71E45FAE2B486C6D00941CE7 /* CartView.swift in Sources */ = {isa = PBXBuildFile; fileRef = 71E45FAD2B486C6D00941CE7 /* CartView.swift */; };
		71E45FB02B486C8000941CE7 /* ProfileView.swift in Sources */ = {isa = PBXBuildFile; fileRef = 71E45FAF2B486C8000941CE7 /* ProfileView.swift */; };
		71E45FB42B48717000941CE7 /* Product.swift in Sources */ = {isa = PBXBuildFile; fileRef = 71E45FB32B48717000941CE7 /* Product.swift */; };
		71E45FB72B48725B00941CE7 /* ProductCell.swift in Sources */ = {isa = PBXBuildFile; fileRef = 71E45FB62B48725B00941CE7 /* ProductCell.swift */; };
		71E45FBA2B48776900941CE7 /* CatalogVM.swift in Sources */ = {isa = PBXBuildFile; fileRef = 71E45FB92B48776900941CE7 /* CatalogVM.swift */; };
		71E45FBD2B487DE200941CE7 /* ProductDetailView.swift in Sources */ = {isa = PBXBuildFile; fileRef = 71E45FBC2B487DE200941CE7 /* ProductDetailView.swift */; };
		71F5B2302D3020D6003B3106 /* OrderItemsVM.swift in Sources */ = {isa = PBXBuildFile; fileRef = 71F5B22F2D3020D6003B3106 /* OrderItemsVM.swift */; };
		71F5B2322D302111003B3106 /* OrderItems.swift in Sources */ = {isa = PBXBuildFile; fileRef = 71F5B2312D302111003B3106 /* OrderItems.swift */; };
		71F5B2352D302155003B3106 /* OrderRow.swift in Sources */ = {isa = PBXBuildFile; fileRef = 71F5B2342D302155003B3106 /* OrderRow.swift */; };
		71F5B2382D302833003B3106 /* ChangePassword.swift in Sources */ = {isa = PBXBuildFile; fileRef = 71F5B2372D302833003B3106 /* ChangePassword.swift */; };
		71F5B23A2D3115A6003B3106 /* IndividualOrder.swift in Sources */ = {isa = PBXBuildFile; fileRef = 71F5B2392D3115A6003B3106 /* IndividualOrder.swift */; };
		71F5B23C2D3120D5003B3106 /* SupportInfoView.swift in Sources */ = {isa = PBXBuildFile; fileRef = 71F5B23B2D3120D5003B3106 /* SupportInfoView.swift */; };
		71FF92102B5EDCD500180598 /* DBOrdersService.swift in Sources */ = {isa = PBXBuildFile; fileRef = 71FF920F2B5EDCD500180598 /* DBOrdersService.swift */; };
/* End PBXBuildFile section */

/* Begin PBXContainerItemProxy section */
		713031902BF39E7D00605DD6 /* PBXContainerItemProxy */ = {
			isa = PBXContainerItemProxy;
			containerPortal = 71E45F902B48568F00941CE7 /* Project object */;
			proxyType = 1;
			remoteGlobalIDString = 71E45F972B48568F00941CE7;
			remoteInfo = KIYIZGROUP;
		};
/* End PBXContainerItemProxy section */

/* Begin PBXFileReference section */
		710082BD2B4C5643007831F5 /* ProductDetailVM.swift */ = {isa = PBXFileReference; lastKnownFileType = sourcecode.swift; path = ProductDetailVM.swift; sourceTree = "<group>"; };
		710082BF2B4C61D1007831F5 /* CartVM.swift */ = {isa = PBXFileReference; lastKnownFileType = sourcecode.swift; path = CartVM.swift; sourceTree = "<group>"; };
		710082C12B4C6228007831F5 /* Position.swift */ = {isa = PBXFileReference; lastKnownFileType = sourcecode.swift; path = Position.swift; sourceTree = "<group>"; };
		710082C32B4C6975007831F5 /* CartCell.swift */ = {isa = PBXFileReference; lastKnownFileType = sourcecode.swift; path = CartCell.swift; sourceTree = "<group>"; };
		710E3DF52D058ACB002FD2F5 /* HeaderAuthView.swift */ = {isa = PBXFileReference; lastKnownFileType = sourcecode.swift; path = HeaderAuthView.swift; sourceTree = "<group>"; };
		710E3DF72D058C8A002FD2F5 /* ImageGridAuthView.swift */ = {isa = PBXFileReference; lastKnownFileType = sourcecode.swift; path = ImageGridAuthView.swift; sourceTree = "<group>"; };
		710E3DF92D058D68002FD2F5 /* ButtonsAuthView.swift */ = {isa = PBXFileReference; lastKnownFileType = sourcecode.swift; path = ButtonsAuthView.swift; sourceTree = "<group>"; };
		710E3DFD2D0590D4002FD2F5 /* LanguageToggleAuthView.swift */ = {isa = PBXFileReference; lastKnownFileType = sourcecode.swift; path = LanguageToggleAuthView.swift; sourceTree = "<group>"; };
		710E3E022D0701C6002FD2F5 /* AuthorizationView.swift */ = {isa = PBXFileReference; lastKnownFileType = sourcecode.swift; path = AuthorizationView.swift; sourceTree = "<group>"; };
		710E3E042D0701CD002FD2F5 /* RegistrationView.swift */ = {isa = PBXFileReference; lastKnownFileType = sourcecode.swift; path = RegistrationView.swift; sourceTree = "<group>"; };
		710E3E062D0701E5002FD2F5 /* AnimatedImagesView.swift */ = {isa = PBXFileReference; lastKnownFileType = sourcecode.swift; path = AnimatedImagesView.swift; sourceTree = "<group>"; };
		710E3E082D071C53002FD2F5 /* AuthFieldsView.swift */ = {isa = PBXFileReference; lastKnownFileType = sourcecode.swift; path = AuthFieldsView.swift; sourceTree = "<group>"; };
		710E3E0C2D0840E4002FD2F5 /* ForgotPasswordView.swift */ = {isa = PBXFileReference; lastKnownFileType = sourcecode.swift; path = ForgotPasswordView.swift; sourceTree = "<group>"; };
		710E3E102D086811002FD2F5 /* RegistrationFieldsView.swift */ = {isa = PBXFileReference; lastKnownFileType = sourcecode.swift; path = RegistrationFieldsView.swift; sourceTree = "<group>"; };
		710E3E122D086CF4002FD2F5 /* RegistrationConfirmationView.swift */ = {isa = PBXFileReference; lastKnownFileType = sourcecode.swift; path = RegistrationConfirmationView.swift; sourceTree = "<group>"; };
		7110821E2D0C1AC8005B093C /* ImageLayer.swift */ = {isa = PBXFileReference; lastKnownFileType = sourcecode.swift; path = ImageLayer.swift; sourceTree = "<group>"; };
		711082202D0C63B1005B093C /* EditProfileView.swift */ = {isa = PBXFileReference; lastKnownFileType = sourcecode.swift; path = EditProfileView.swift; sourceTree = "<group>"; };
		7110A8C42B83850D00457615 /* CreateProductVM.swift */ = {isa = PBXFileReference; lastKnownFileType = sourcecode.swift; path = CreateProductVM.swift; sourceTree = "<group>"; };
		71185BBE2D357E4000BB4BBB /* ViewExtention.swift */ = {isa = PBXFileReference; lastKnownFileType = sourcecode.swift; path = ViewExtention.swift; sourceTree = "<group>"; };
		71185BC02D357E7A00BB4BBB /* TextExtention.swift */ = {isa = PBXFileReference; lastKnownFileType = sourcecode.swift; path = TextExtention.swift; sourceTree = "<group>"; };
		71185BC22D357EBB00BB4BBB /* UIApplicationExtention.swift */ = {isa = PBXFileReference; lastKnownFileType = sourcecode.swift; path = UIApplicationExtention.swift; sourceTree = "<group>"; };
		71185BC52D35887900BB4BBB /* CustomNavigation.swift */ = {isa = PBXFileReference; lastKnownFileType = sourcecode.swift; path = CustomNavigation.swift; sourceTree = "<group>"; };
		71185BC72D393D4C00BB4BBB /* AuthorizationVM.swift */ = {isa = PBXFileReference; lastKnownFileType = sourcecode.swift; path = AuthorizationVM.swift; sourceTree = "<group>"; };
		71185BC92D393D6A00BB4BBB /* RegistrationVM.swift */ = {isa = PBXFileReference; lastKnownFileType = sourcecode.swift; path = RegistrationVM.swift; sourceTree = "<group>"; };
		71185BCB2D393DA400BB4BBB /* AuthBaseVM.swift */ = {isa = PBXFileReference; lastKnownFileType = sourcecode.swift; path = AuthBaseVM.swift; sourceTree = "<group>"; };
		71185BCE2D3A987100BB4BBB /* AlertView.swift */ = {isa = PBXFileReference; lastKnownFileType = sourcecode.swift; path = AlertView.swift; sourceTree = "<group>"; };
		711ED8E92B50085B0052752F /* AuthService.swift */ = {isa = PBXFileReference; lastKnownFileType = sourcecode.swift; path = AuthService.swift; sourceTree = "<group>"; };
		711ED9562B5011140052752F /* NewUser.swift */ = {isa = PBXFileReference; lastKnownFileType = sourcecode.swift; path = NewUser.swift; sourceTree = "<group>"; };
		711ED9582B5011F70052752F /* Profile.swift */ = {isa = PBXFileReference; lastKnownFileType = sourcecode.swift; path = Profile.swift; sourceTree = "<group>"; };
		711ED95A2B50120F0052752F /* Order.swift */ = {isa = PBXFileReference; lastKnownFileType = sourcecode.swift; path = Order.swift; sourceTree = "<group>"; };
		711ED95D2B5012650052752F /* OrderStatus.swift */ = {isa = PBXFileReference; lastKnownFileType = sourcecode.swift; path = OrderStatus.swift; sourceTree = "<group>"; };
		711ED95F2B504AF00052752F /* OrderService.swift */ = {isa = PBXFileReference; lastKnownFileType = sourcecode.swift; path = OrderService.swift; sourceTree = "<group>"; };
		711ED9612B504B150052752F /* ProductsRepository.swift */ = {isa = PBXFileReference; lastKnownFileType = sourcecode.swift; path = ProductsRepository.swift; sourceTree = "<group>"; };
		711ED96D2B504CD80052752F /* OrdersView.swift */ = {isa = PBXFileReference; lastKnownFileType = sourcecode.swift; path = OrdersView.swift; sourceTree = "<group>"; };
		711ED96F2B504CE60052752F /* ProductsEditView.swift */ = {isa = PBXFileReference; lastKnownFileType = sourcecode.swift; path = ProductsEditView.swift; sourceTree = "<group>"; };
		711ED9712B504CEE0052752F /* CreateProductView.swift */ = {isa = PBXFileReference; lastKnownFileType = sourcecode.swift; path = CreateProductView.swift; sourceTree = "<group>"; };
		711ED9732B504D680052752F /* MainTabVM.swift */ = {isa = PBXFileReference; lastKnownFileType = sourcecode.swift; path = MainTabVM.swift; sourceTree = "<group>"; };
		711ED9752B504EAF0052752F /* ProfileVM.swift */ = {isa = PBXFileReference; lastKnownFileType = sourcecode.swift; path = ProfileVM.swift; sourceTree = "<group>"; };
		7127168C2BA35BAC00460FB1 /* Accesses.swift */ = {isa = PBXFileReference; lastKnownFileType = sourcecode.swift; path = Accesses.swift; sourceTree = "<group>"; };
		7127168E2BA35CF300460FB1 /* Images.swift */ = {isa = PBXFileReference; lastKnownFileType = sourcecode.swift; path = Images.swift; sourceTree = "<group>"; };
		712716902BA35FB000460FB1 /* Colors .swift */ = {isa = PBXFileReference; lastKnownFileType = sourcecode.swift; path = "Colors .swift"; sourceTree = "<group>"; };
		712C62802CAB05FF00258BD3 /* Colors.xcassets */ = {isa = PBXFileReference; lastKnownFileType = folder.assetcatalog; path = Colors.xcassets; sourceTree = "<group>"; };
		7130318C2BF39E7D00605DD6 /* KIYIZGROUPTests.xctest */ = {isa = PBXFileReference; explicitFileType = wrapper.cfbundle; includeInIndex = 0; path = KIYIZGROUPTests.xctest; sourceTree = BUILT_PRODUCTS_DIR; };
		7130318E2BF39E7D00605DD6 /* KIYIZGROUPTests.swift */ = {isa = PBXFileReference; lastKnownFileType = sourcecode.swift; path = KIYIZGROUPTests.swift; sourceTree = "<group>"; };
		713031952BF39EB700605DD6 /* CartTest.swift */ = {isa = PBXFileReference; lastKnownFileType = sourcecode.swift; path = CartTest.swift; sourceTree = "<group>"; };
		713031972BF3A9E500605DD6 /* ProductServiceTests.swift */ = {isa = PBXFileReference; lastKnownFileType = sourcecode.swift; path = ProductServiceTests.swift; sourceTree = "<group>"; };
		71353CD52B6D16FE008A7868 /* ProfileCell.swift */ = {isa = PBXFileReference; lastKnownFileType = sourcecode.swift; path = ProfileCell.swift; sourceTree = "<group>"; };
		71353CD72B6D5770008A7868 /* ImagePicker.swift */ = {isa = PBXFileReference; lastKnownFileType = sourcecode.swift; path = ImagePicker.swift; sourceTree = "<group>"; };
		713A29012B91FD5100CE720D /* ProductDetailEditView.swift */ = {isa = PBXFileReference; lastKnownFileType = sourcecode.swift; path = ProductDetailEditView.swift; sourceTree = "<group>"; };
		713A29032B91FDBF00CE720D /* ProductDetailEditVM.swift */ = {isa = PBXFileReference; lastKnownFileType = sourcecode.swift; path = ProductDetailEditVM.swift; sourceTree = "<group>"; };
		7143C86C2CE3ACEF004CC4B9 /* GoogleService-Info.plist */ = {isa = PBXFileReference; lastKnownFileType = text.plist.xml; path = "GoogleService-Info.plist"; sourceTree = "<group>"; };
		7143C86E2CE3B388004CC4B9 /* TextComponent.swift */ = {isa = PBXFileReference; lastKnownFileType = sourcecode.swift; path = TextComponent.swift; sourceTree = "<group>"; };
		7143C8702CE3B504004CC4B9 /* Color.xcassets */ = {isa = PBXFileReference; lastKnownFileType = folder.assetcatalog; path = Color.xcassets; sourceTree = "<group>"; };
		7143C8732CE3C7AE004CC4B9 /* CustomDesignView.swift */ = {isa = PBXFileReference; lastKnownFileType = sourcecode.swift; path = CustomDesignView.swift; sourceTree = "<group>"; };
		7143C8762CE3D478004CC4B9 /* LoadingView.swift */ = {isa = PBXFileReference; lastKnownFileType = sourcecode.swift; path = LoadingView.swift; sourceTree = "<group>"; };
		7143C8782CE3D5A0004CC4B9 /* PopularSectionView.swift */ = {isa = PBXFileReference; lastKnownFileType = sourcecode.swift; path = PopularSectionView.swift; sourceTree = "<group>"; };
		7143C87C2CE76ED3004CC4B9 /* CustomDesignSectionView.swift */ = {isa = PBXFileReference; lastKnownFileType = sourcecode.swift; path = CustomDesignSectionView.swift; sourceTree = "<group>"; };
		7143C8802CE76F0A004CC4B9 /* CategorySectionView1.swift */ = {isa = PBXFileReference; lastKnownFileType = sourcecode.swift; path = CategorySectionView1.swift; sourceTree = "<group>"; };
		7143C8822CE77864004CC4B9 /* CustomView.swift */ = {isa = PBXFileReference; lastKnownFileType = sourcecode.swift; path = CustomView.swift; sourceTree = "<group>"; };
		7143C8842CE7830E004CC4B9 /* ProductSectionView.swift */ = {isa = PBXFileReference; lastKnownFileType = sourcecode.swift; path = ProductSectionView.swift; sourceTree = "<group>"; };
		7143C8872CE79C9F004CC4B9 /* ButtonComponents.swift */ = {isa = PBXFileReference; lastKnownFileType = sourcecode.swift; path = ButtonComponents.swift; sourceTree = "<group>"; };
		7143C88A2CE7D3E5004CC4B9 /* ProductInfoView.swift */ = {isa = PBXFileReference; lastKnownFileType = sourcecode.swift; path = ProductInfoView.swift; sourceTree = "<group>"; };
		7149E0A12D2D3AF2009A8689 /* ChangePasswordView.swift */ = {isa = PBXFileReference; lastKnownFileType = sourcecode.swift; path = ChangePasswordView.swift; sourceTree = "<group>"; };
		7149E0A42D2EC420009A8689 /* DeliveryView.swift */ = {isa = PBXFileReference; lastKnownFileType = sourcecode.swift; path = DeliveryView.swift; sourceTree = "<group>"; };
		7149E0A62D2EC43B009A8689 /* CustomOrdersView.swift */ = {isa = PBXFileReference; lastKnownFileType = sourcecode.swift; path = CustomOrdersView.swift; sourceTree = "<group>"; };
		7149E0A82D2EC462009A8689 /* AddressView.swift */ = {isa = PBXFileReference; lastKnownFileType = sourcecode.swift; path = AddressView.swift; sourceTree = "<group>"; };
		7149E0AB2D2EC489009A8689 /* ProfileActionRow.swift */ = {isa = PBXFileReference; lastKnownFileType = sourcecode.swift; path = ProfileActionRow.swift; sourceTree = "<group>"; };
		714F76BC2B602AA200931C2A /* Texts.swift */ = {isa = PBXFileReference; lastKnownFileType = sourcecode.swift; path = Texts.swift; sourceTree = "<group>"; };
		714F76BF2B63F34B00931C2A /* PopularProductCell.swift */ = {isa = PBXFileReference; lastKnownFileType = sourcecode.swift; path = PopularProductCell.swift; sourceTree = "<group>"; };
		714F7AE42B599D9900E533AD /* ProfileService.swift */ = {isa = PBXFileReference; lastKnownFileType = sourcecode.swift; path = ProfileService.swift; sourceTree = "<group>"; };
		7179A9E92CF750F4005270CF /* OrderDetailsView.swift */ = {isa = PBXFileReference; lastKnownFileType = sourcecode.swift; path = OrderDetailsView.swift; sourceTree = "<group>"; };
		7179A9EB2CF75929005270CF /* InfoView.swift */ = {isa = PBXFileReference; lastKnownFileType = sourcecode.swift; path = InfoView.swift; sourceTree = "<group>"; };
		7179A9EE2CF77F13005270CF /* DetailView.swift */ = {isa = PBXFileReference; lastKnownFileType = sourcecode.swift; path = DetailView.swift; sourceTree = "<group>"; };
		7179A9F32CF782FE005270CF /* ProfileHeaderView.swift */ = {isa = PBXFileReference; lastKnownFileType = sourcecode.swift; path = ProfileHeaderView.swift; sourceTree = "<group>"; };
		7179A9F52CF78306005270CF /* ProfileActionsView.swift */ = {isa = PBXFileReference; lastKnownFileType = sourcecode.swift; path = ProfileActionsView.swift; sourceTree = "<group>"; };
		7179A9F72CF78310005270CF /* ProfileInfoView.swift */ = {isa = PBXFileReference; lastKnownFileType = sourcecode.swift; path = ProfileInfoView.swift; sourceTree = "<group>"; };
		7179A9FD2CF89BD6005270CF /* ProductTypeSection.swift */ = {isa = PBXFileReference; lastKnownFileType = sourcecode.swift; path = ProductTypeSection.swift; sourceTree = "<group>"; };
		7179A9FF2CF89BEF005270CF /* DesignSelectionSection.swift */ = {isa = PBXFileReference; lastKnownFileType = sourcecode.swift; path = DesignSelectionSection.swift; sourceTree = "<group>"; };
		7179AA012CF89C09005270CF /* AdditionalInfoSection.swift */ = {isa = PBXFileReference; lastKnownFileType = sourcecode.swift; path = AdditionalInfoSection.swift; sourceTree = "<group>"; };
		717D0FCA2B5AB75F001F2E6E /* ProductService.swift */ = {isa = PBXFileReference; lastKnownFileType = sourcecode.swift; path = ProductService.swift; sourceTree = "<group>"; };
		71929EDC2BB6D360001489CB /* AlertModel.swift */ = {isa = PBXFileReference; lastKnownFileType = sourcecode.swift; path = AlertModel.swift; sourceTree = "<group>"; };
		7193631F2CECCEA4006FDC6A /* CartOrdersView.swift */ = {isa = PBXFileReference; lastKnownFileType = sourcecode.swift; path = CartOrdersView.swift; sourceTree = "<group>"; };
		719363212CECD7F5006FDC6A /* CartOrdersCell.swift */ = {isa = PBXFileReference; lastKnownFileType = sourcecode.swift; path = CartOrdersCell.swift; sourceTree = "<group>"; };
		719363242CEE2BFE006FDC6A /* HeaderView.swift */ = {isa = PBXFileReference; lastKnownFileType = sourcecode.swift; path = HeaderView.swift; sourceTree = "<group>"; };
		719363262CEE382B006FDC6A /* TextFieldComponent.swift */ = {isa = PBXFileReference; lastKnownFileType = sourcecode.swift; path = TextFieldComponent.swift; sourceTree = "<group>"; };
		719363282CEE3EB7006FDC6A /* AddressInputView.swift */ = {isa = PBXFileReference; lastKnownFileType = sourcecode.swift; path = AddressInputView.swift; sourceTree = "<group>"; };
		7193632A2CEE4028006FDC6A /* AddressPhoneSection.swift */ = {isa = PBXFileReference; lastKnownFileType = sourcecode.swift; path = AddressPhoneSection.swift; sourceTree = "<group>"; };
		7193632C2CEE489F006FDC6A /* PaymentMethodSection.swift */ = {isa = PBXFileReference; lastKnownFileType = sourcecode.swift; path = PaymentMethodSection.swift; sourceTree = "<group>"; };
		7193632E2CEE6338006FDC6A /* OrderSummaryView.swift */ = {isa = PBXFileReference; lastKnownFileType = sourcecode.swift; path = OrderSummaryView.swift; sourceTree = "<group>"; };
		719363312CEFAC9D006FDC6A /* PromoCodeSection.swift */ = {isa = PBXFileReference; lastKnownFileType = sourcecode.swift; path = PromoCodeSection.swift; sourceTree = "<group>"; };
		71AD03A92B766BED006231F9 /* OrdersVM.swift */ = {isa = PBXFileReference; lastKnownFileType = sourcecode.swift; path = OrdersVM.swift; sourceTree = "<group>"; };
		71AD03AD2B766CD4006231F9 /* OrderCell.swift */ = {isa = PBXFileReference; lastKnownFileType = sourcecode.swift; path = OrderCell.swift; sourceTree = "<group>"; };
		71AD03AF2B768663006231F9 /* StatusColors.swift */ = {isa = PBXFileReference; lastKnownFileType = sourcecode.swift; path = StatusColors.swift; sourceTree = "<group>"; };
		71AD03B22B76881A006231F9 /* OrderDetail.swift */ = {isa = PBXFileReference; lastKnownFileType = sourcecode.swift; path = OrderDetail.swift; sourceTree = "<group>"; };
		71AD03B42B768A00006231F9 /* OrderDetailVM.swift */ = {isa = PBXFileReference; lastKnownFileType = sourcecode.swift; path = OrderDetailVM.swift; sourceTree = "<group>"; };
		71AE76962BE8DF4100E4E3A3 /* PromoCodeView.swift */ = {isa = PBXFileReference; lastKnownFileType = sourcecode.swift; path = PromoCodeView.swift; sourceTree = "<group>"; };
		71AE769A2BEE404200E4E3A3 /* Info.plist */ = {isa = PBXFileReference; lastKnownFileType = text.plist.xml; path = Info.plist; sourceTree = "<group>"; };
		71BE6A912BA85A1E0004ED32 /* en */ = {isa = PBXFileReference; lastKnownFileType = text.plist.strings; name = en; path = en.lproj/Localizable.strings; sourceTree = "<group>"; };
		71BE6A932BA85D520004ED32 /* ru */ = {isa = PBXFileReference; lastKnownFileType = text.plist.strings; name = ru; path = ru.lproj/Localizable.strings; sourceTree = "<group>"; };
		71BE6A972BA9A34E0004ED32 /* Localization.swift */ = {isa = PBXFileReference; lastKnownFileType = sourcecode.swift; path = Localization.swift; sourceTree = "<group>"; };
		71DCC3202B9A20BE00442C32 /* Extentions.swift */ = {isa = PBXFileReference; lastKnownFileType = sourcecode.swift; path = Extentions.swift; sourceTree = "<group>"; };
		71E45F982B48568F00941CE7 /* KIYIZGROUP.app */ = {isa = PBXFileReference; explicitFileType = wrapper.application; includeInIndex = 0; path = KIYIZGROUP.app; sourceTree = BUILT_PRODUCTS_DIR; };
		71E45F9B2B48568F00941CE7 /* KIYIZGROUPApp.swift */ = {isa = PBXFileReference; lastKnownFileType = sourcecode.swift; path = KIYIZGROUPApp.swift; sourceTree = "<group>"; };
		71E45F9D2B48568F00941CE7 /* AuthenticationView.swift */ = {isa = PBXFileReference; lastKnownFileType = sourcecode.swift; path = AuthenticationView.swift; sourceTree = "<group>"; };
		71E45F9F2B48569000941CE7 /* Assets.xcassets */ = {isa = PBXFileReference; lastKnownFileType = folder.assetcatalog; path = Assets.xcassets; sourceTree = "<group>"; };
		71E45FA22B48569000941CE7 /* Preview Assets.xcassets */ = {isa = PBXFileReference; lastKnownFileType = folder.assetcatalog; path = "Preview Assets.xcassets"; sourceTree = "<group>"; };
		71E45FA92B4868A000941CE7 /* TabBar.swift */ = {isa = PBXFileReference; lastKnownFileType = sourcecode.swift; path = TabBar.swift; sourceTree = "<group>"; };
		71E45FAB2B486C4900941CE7 /* CatalogView.swift */ = {isa = PBXFileReference; lastKnownFileType = sourcecode.swift; path = CatalogView.swift; sourceTree = "<group>"; };
		71E45FAD2B486C6D00941CE7 /* CartView.swift */ = {isa = PBXFileReference; lastKnownFileType = sourcecode.swift; path = CartView.swift; sourceTree = "<group>"; };
		71E45FAF2B486C8000941CE7 /* ProfileView.swift */ = {isa = PBXFileReference; lastKnownFileType = sourcecode.swift; path = ProfileView.swift; sourceTree = "<group>"; };
		71E45FB32B48717000941CE7 /* Product.swift */ = {isa = PBXFileReference; lastKnownFileType = sourcecode.swift; path = Product.swift; sourceTree = "<group>"; };
		71E45FB62B48725B00941CE7 /* ProductCell.swift */ = {isa = PBXFileReference; lastKnownFileType = sourcecode.swift; path = ProductCell.swift; sourceTree = "<group>"; };
		71E45FB92B48776900941CE7 /* CatalogVM.swift */ = {isa = PBXFileReference; lastKnownFileType = sourcecode.swift; path = CatalogVM.swift; sourceTree = "<group>"; };
		71E45FBC2B487DE200941CE7 /* ProductDetailView.swift */ = {isa = PBXFileReference; lastKnownFileType = sourcecode.swift; path = ProductDetailView.swift; sourceTree = "<group>"; };
		71F5B22F2D3020D6003B3106 /* OrderItemsVM.swift */ = {isa = PBXFileReference; lastKnownFileType = sourcecode.swift; path = OrderItemsVM.swift; sourceTree = "<group>"; };
		71F5B2312D302111003B3106 /* OrderItems.swift */ = {isa = PBXFileReference; lastKnownFileType = sourcecode.swift; path = OrderItems.swift; sourceTree = "<group>"; };
		71F5B2342D302155003B3106 /* OrderRow.swift */ = {isa = PBXFileReference; lastKnownFileType = sourcecode.swift; path = OrderRow.swift; sourceTree = "<group>"; };
		71F5B2372D302833003B3106 /* ChangePassword.swift */ = {isa = PBXFileReference; lastKnownFileType = sourcecode.swift; path = ChangePassword.swift; sourceTree = "<group>"; };
		71F5B2392D3115A6003B3106 /* IndividualOrder.swift */ = {isa = PBXFileReference; lastKnownFileType = sourcecode.swift; path = IndividualOrder.swift; sourceTree = "<group>"; };
		71F5B23B2D3120D5003B3106 /* SupportInfoView.swift */ = {isa = PBXFileReference; lastKnownFileType = sourcecode.swift; path = SupportInfoView.swift; sourceTree = "<group>"; };
		71FF920F2B5EDCD500180598 /* DBOrdersService.swift */ = {isa = PBXFileReference; lastKnownFileType = sourcecode.swift; path = DBOrdersService.swift; sourceTree = "<group>"; };
/* End PBXFileReference section */

/* Begin PBXFrameworksBuildPhase section */
		713031892BF39E7D00605DD6 /* Frameworks */ = {
			isa = PBXFrameworksBuildPhase;
			buildActionMask = 2147483647;
			files = (
			);
			runOnlyForDeploymentPostprocessing = 0;
		};
		71E45F952B48568F00941CE7 /* Frameworks */ = {
			isa = PBXFrameworksBuildPhase;
			buildActionMask = 2147483647;
			files = (
				71D782482BF79C030021C150 /* FirebaseDatabaseSwift in Frameworks */,
				71D7823C2BF79C030021C150 /* FirebaseAppCheck in Frameworks */,
				71D782522BF79C030021C150 /* FirebaseRemoteConfig in Frameworks */,
				71D7825B2BF79CA00021C150 /* SDWebImageSwiftUI in Frameworks */,
				71D782402BF79C030021C150 /* FirebaseAuth in Frameworks */,
				71D782582BF79C030021C150 /* FirebaseStorageCombine-Community in Frameworks */,
				71D7824A2BF79C030021C150 /* FirebaseFirestore in Frameworks */,
				71D7823E2BF79C030021C150 /* FirebaseAppDistribution-Beta in Frameworks */,
				71D782562BF79C030021C150 /* FirebaseStorage in Frameworks */,
				71D782422BF79C030021C150 /* FirebaseAuthCombine-Community in Frameworks */,
				71D782542BF79C030021C150 /* FirebaseRemoteConfigSwift in Frameworks */,
			);
			runOnlyForDeploymentPostprocessing = 0;
		};
/* End PBXFrameworksBuildPhase section */

/* Begin PBXGroup section */
		710E3DF42D058AB9002FD2F5 /* Components */ = {
			isa = PBXGroup;
			children = (
				7110821D2D0C1A74005B093C /* AnimationComponents */,
				710E3DFD2D0590D4002FD2F5 /* LanguageToggleAuthView.swift */,
				710E3DF52D058ACB002FD2F5 /* HeaderAuthView.swift */,
				710E3DF72D058C8A002FD2F5 /* ImageGridAuthView.swift */,
				710E3DF92D058D68002FD2F5 /* ButtonsAuthView.swift */,
			);
			path = Components;
			sourceTree = "<group>";
		};
		710E3DFF2D07018D002FD2F5 /* AuthenticationView */ = {
			isa = PBXGroup;
			children = (
				71E45F9D2B48568F00941CE7 /* AuthenticationView.swift */,
				71185BCB2D393DA400BB4BBB /* AuthBaseVM.swift */,
				710E3DF42D058AB9002FD2F5 /* Components */,
			);
			path = AuthenticationView;
			sourceTree = "<group>";
		};
		710E3E002D07019E002FD2F5 /* AuthorizationView */ = {
			isa = PBXGroup;
			children = (
				710E3E022D0701C6002FD2F5 /* AuthorizationView.swift */,
				71185BC72D393D4C00BB4BBB /* AuthorizationVM.swift */,
				710E3E0E2D084621002FD2F5 /* Components */,
			);
			path = AuthorizationView;
			sourceTree = "<group>";
		};
		710E3E012D0701AA002FD2F5 /* RegistrationView */ = {
			isa = PBXGroup;
			children = (
				710E3E042D0701CD002FD2F5 /* RegistrationView.swift */,
				71185BC92D393D6A00BB4BBB /* RegistrationVM.swift */,
				710E3E0F2D0867FD002FD2F5 /* Components */,
			);
			path = RegistrationView;
			sourceTree = "<group>";
		};
		710E3E0E2D084621002FD2F5 /* Components */ = {
			isa = PBXGroup;
			children = (
				710E3E082D071C53002FD2F5 /* AuthFieldsView.swift */,
				710E3E0C2D0840E4002FD2F5 /* ForgotPasswordView.swift */,
			);
			path = Components;
			sourceTree = "<group>";
		};
		710E3E0F2D0867FD002FD2F5 /* Components */ = {
			isa = PBXGroup;
			children = (
				710E3E102D086811002FD2F5 /* RegistrationFieldsView.swift */,
				710E3E122D086CF4002FD2F5 /* RegistrationConfirmationView.swift */,
			);
			path = Components;
			sourceTree = "<group>";
		};
		7110821D2D0C1A74005B093C /* AnimationComponents */ = {
			isa = PBXGroup;
			children = (
				710E3E062D0701E5002FD2F5 /* AnimatedImagesView.swift */,
				7110821E2D0C1AC8005B093C /* ImageLayer.swift */,
			);
			path = AnimationComponents;
			sourceTree = "<group>";
		};
		7110A8C02B8381B900457615 /* ProductsEdit */ = {
			isa = PBXGroup;
			children = (
				711ED96F2B504CE60052752F /* ProductsEditView.swift */,
			);
			path = ProductsEdit;
			sourceTree = "<group>";
		};
		7110A8C32B8384FB00457615 /* CreateProduct */ = {
			isa = PBXGroup;
			children = (
				711ED9712B504CEE0052752F /* CreateProductView.swift */,
				7110A8C42B83850D00457615 /* CreateProductVM.swift */,
			);
			path = CreateProduct;
			sourceTree = "<group>";
		};
		71185BBD2D357E1E00BB4BBB /* Extentions */ = {
			isa = PBXGroup;
			children = (
				71DCC3202B9A20BE00442C32 /* Extentions.swift */,
				71185BBE2D357E4000BB4BBB /* ViewExtention.swift */,
				71185BC22D357EBB00BB4BBB /* UIApplicationExtention.swift */,
				71185BC02D357E7A00BB4BBB /* TextExtention.swift */,
			);
			path = Extentions;
			sourceTree = "<group>";
		};
		71185BC42D357EF700BB4BBB /* CustonNavigation */ = {
			isa = PBXGroup;
			children = (
				71185BC52D35887900BB4BBB /* CustomNavigation.swift */,
			);
			path = CustonNavigation;
			sourceTree = "<group>";
		};
		711ED8EB2B5008D00052752F /* Services */ = {
			isa = PBXGroup;
			children = (
				711ED8E92B50085B0052752F /* AuthService.swift */,
				717D0FCA2B5AB75F001F2E6E /* ProductService.swift */,
				71FF920F2B5EDCD500180598 /* DBOrdersService.swift */,
				714F7AE42B599D9900E533AD /* ProfileService.swift */,
				711ED95F2B504AF00052752F /* OrderService.swift */,
				711ED9612B504B150052752F /* ProductsRepository.swift */,
			);
			path = Services;
			sourceTree = "<group>";
		};
		711ED95C2B5012580052752F /* Constants */ = {
			isa = PBXGroup;
			children = (
				711ED95D2B5012650052752F /* OrderStatus.swift */,
				714F76BC2B602AA200931C2A /* Texts.swift */,
				7127168E2BA35CF300460FB1 /* Images.swift */,
				712716902BA35FB000460FB1 /* Colors .swift */,
				7127168C2BA35BAC00460FB1 /* Accesses.swift */,
			);
			path = Constants;
			sourceTree = "<group>";
		};
		711ED96C2B504CCD0052752F /* Admin */ = {
			isa = PBXGroup;
			children = (
				71AD03AB2B766C16006231F9 /* Orders */,
				7110A8C02B8381B900457615 /* ProductsEdit */,
				713A29002B91FD1000CE720D /* ProductDetailEditView */,
				7110A8C32B8384FB00457615 /* CreateProduct */,
			);
			path = Admin;
			sourceTree = "<group>";
		};
		712716922BA4856A00460FB1 /* Components */ = {
			isa = PBXGroup;
			children = (
				71185BBD2D357E1E00BB4BBB /* Extentions */,
				71185BC42D357EF700BB4BBB /* CustonNavigation */,
				7143C86E2CE3B388004CC4B9 /* TextComponent.swift */,
				719363262CEE382B006FDC6A /* TextFieldComponent.swift */,
				7143C8872CE79C9F004CC4B9 /* ButtonComponents.swift */,
				71185BCE2D3A987100BB4BBB /* AlertView.swift */,
				71929EDC2BB6D360001489CB /* AlertModel.swift */,
				71353CD72B6D5770008A7868 /* ImagePicker.swift */,
				71AD03AF2B768663006231F9 /* StatusColors.swift */,
			);
			name = Components;
			path = Constants/Components;
			sourceTree = "<group>";
		};
		7130318D2BF39E7D00605DD6 /* KIYIZGROUPTests */ = {
			isa = PBXGroup;
			children = (
				7130318E2BF39E7D00605DD6 /* KIYIZGROUPTests.swift */,
				713031952BF39EB700605DD6 /* CartTest.swift */,
				713031972BF3A9E500605DD6 /* ProductServiceTests.swift */,
			);
			path = KIYIZGROUPTests;
			sourceTree = "<group>";
		};
		71353CD42B696707008A7868 /* Profile */ = {
			isa = PBXGroup;
			children = (
				71E45FAF2B486C8000941CE7 /* ProfileView.swift */,
				711082202D0C63B1005B093C /* EditProfileView.swift */,
				711ED9752B504EAF0052752F /* ProfileVM.swift */,
				7149E0A32D2EC3FB009A8689 /* ProfileActionsView */,
				7179A9F02CF78271005270CF /* ComponentsProfileView */,
			);
			path = Profile;
			sourceTree = "<group>";
		};
		713A29002B91FD1000CE720D /* ProductDetailEditView */ = {
			isa = PBXGroup;
			children = (
				713A29012B91FD5100CE720D /* ProductDetailEditView.swift */,
				713A29032B91FDBF00CE720D /* ProductDetailEditVM.swift */,
			);
			path = ProductDetailEditView;
			sourceTree = "<group>";
		};
		7143C8722CE3C790004CC4B9 /* CustomDesignView */ = {
			isa = PBXGroup;
			children = (
				7143C8822CE77864004CC4B9 /* CustomView.swift */,
				7179A9FC2CF89BCA005270CF /* ComponentsCustomView */,
			);
			path = CustomDesignView;
			sourceTree = "<group>";
		};
		7143C8752CE3D466004CC4B9 /* ComponentsCatalogView */ = {
			isa = PBXGroup;
			children = (
				7143C8862CE793CC004CC4B9 /* Cells */,
				7143C8762CE3D478004CC4B9 /* LoadingView.swift */,
				7143C8782CE3D5A0004CC4B9 /* PopularSectionView.swift */,
				7143C87C2CE76ED3004CC4B9 /* CustomDesignSectionView.swift */,
				7143C8732CE3C7AE004CC4B9 /* CustomDesignView.swift */,
				7143C8802CE76F0A004CC4B9 /* CategorySectionView1.swift */,
				7143C8842CE7830E004CC4B9 /* ProductSectionView.swift */,
			);
			path = ComponentsCatalogView;
			sourceTree = "<group>";
		};
		7143C8862CE793CC004CC4B9 /* Cells */ = {
			isa = PBXGroup;
			children = (
				714F76BF2B63F34B00931C2A /* PopularProductCell.swift */,
				71E45FB62B48725B00941CE7 /* ProductCell.swift */,
			);
			path = Cells;
			sourceTree = "<group>";
		};
		7143C8892CE7D3CD004CC4B9 /* ProductDetailComponents */ = {
			isa = PBXGroup;
			children = (
				7143C88A2CE7D3E5004CC4B9 /* ProductInfoView.swift */,
			);
			path = ProductDetailComponents;
			sourceTree = "<group>";
		};
		7149E0A32D2EC3FB009A8689 /* ProfileActionsView */ = {
			isa = PBXGroup;
			children = (
				7179A9F52CF78306005270CF /* ProfileActionsView.swift */,
				7149E0AA2D2EC475009A8689 /* ComponentsProfileActions */,
				71F5B2362D302827003B3106 /* ChangePasswordView */,
			);
			path = ProfileActionsView;
			sourceTree = "<group>";
		};
		7149E0AA2D2EC475009A8689 /* ComponentsProfileActions */ = {
			isa = PBXGroup;
			children = (
				71F5B22E2D3017B6003B3106 /* DeliveryView */,
				7149E0A62D2EC43B009A8689 /* CustomOrdersView.swift */,
				7149E0AB2D2EC489009A8689 /* ProfileActionRow.swift */,
				7149E0A82D2EC462009A8689 /* AddressView.swift */,
			);
			path = ComponentsProfileActions;
			sourceTree = "<group>";
		};
		714F76BB2B601A4900931C2A /* Cart */ = {
			isa = PBXGroup;
			children = (
				71E45FAD2B486C6D00941CE7 /* CartView.swift */,
				7193631F2CECCEA4006FDC6A /* CartOrdersView.swift */,
				7179A9E92CF750F4005270CF /* OrderDetailsView.swift */,
				710082BF2B4C61D1007831F5 /* CartVM.swift */,
				7193631E2CEB88C6006FDC6A /* Components */,
			);
			path = Cart;
			sourceTree = "<group>";
		};
		714F76BE2B62A69B00931C2A /* ProductDetail */ = {
			isa = PBXGroup;
			children = (
				71E45FBC2B487DE200941CE7 /* ProductDetailView.swift */,
				710082BD2B4C5643007831F5 /* ProductDetailVM.swift */,
				7143C8892CE7D3CD004CC4B9 /* ProductDetailComponents */,
			);
			path = ProductDetail;
			sourceTree = "<group>";
		};
		714F7AE12B5987FA00E533AD /* Authentication */ = {
			isa = PBXGroup;
			children = (
				710E3DFF2D07018D002FD2F5 /* AuthenticationView */,
				710E3E002D07019E002FD2F5 /* AuthorizationView */,
				710E3E012D0701AA002FD2F5 /* RegistrationView */,
			);
			path = Authentication;
			sourceTree = "<group>";
		};
		7179A9ED2CF77F00005270CF /* ComponentsOrderDetailsView */ = {
			isa = PBXGroup;
			children = (
				7179A9EE2CF77F13005270CF /* DetailView.swift */,
			);
			path = ComponentsOrderDetailsView;
			sourceTree = "<group>";
		};
		7179A9F02CF78271005270CF /* ComponentsProfileView */ = {
			isa = PBXGroup;
			children = (
				7179A9F32CF782FE005270CF /* ProfileHeaderView.swift */,
				7179A9F72CF78310005270CF /* ProfileInfoView.swift */,
				71F5B23B2D3120D5003B3106 /* SupportInfoView.swift */,
			);
			path = ComponentsProfileView;
			sourceTree = "<group>";
		};
		7179A9FB2CF89493005270CF /* InfoView */ = {
			isa = PBXGroup;
			children = (
				7179A9EB2CF75929005270CF /* InfoView.swift */,
			);
			path = InfoView;
			sourceTree = "<group>";
		};
		7179A9FC2CF89BCA005270CF /* ComponentsCustomView */ = {
			isa = PBXGroup;
			children = (
				7179A9FD2CF89BD6005270CF /* ProductTypeSection.swift */,
				7179A9FF2CF89BEF005270CF /* DesignSelectionSection.swift */,
				7179AA012CF89C09005270CF /* AdditionalInfoSection.swift */,
			);
			path = ComponentsCustomView;
			sourceTree = "<group>";
		};
		717D0FC72B5AAF0E001F2E6E /* Catalog */ = {
			isa = PBXGroup;
			children = (
				71E45FAB2B486C4900941CE7 /* CatalogView.swift */,
				71E45FB92B48776900941CE7 /* CatalogVM.swift */,
				7143C8752CE3D466004CC4B9 /* ComponentsCatalogView */,
			);
			path = Catalog;
			sourceTree = "<group>";
		};
		7193631E2CEB88C6006FDC6A /* Components */ = {
			isa = PBXGroup;
			children = (
				719363302CEFA1DC006FDC6A /* Cells */,
				719363232CEE2BE2006FDC6A /* ComponentsCartOrdersView */,
				7179A9ED2CF77F00005270CF /* ComponentsOrderDetailsView */,
			);
			path = Components;
			sourceTree = "<group>";
		};
		719363232CEE2BE2006FDC6A /* ComponentsCartOrdersView */ = {
			isa = PBXGroup;
			children = (
				719363242CEE2BFE006FDC6A /* HeaderView.swift */,
				7193632A2CEE4028006FDC6A /* AddressPhoneSection.swift */,
				719363282CEE3EB7006FDC6A /* AddressInputView.swift */,
				71AE76962BE8DF4100E4E3A3 /* PromoCodeView.swift */,
				7193632C2CEE489F006FDC6A /* PaymentMethodSection.swift */,
				7193632E2CEE6338006FDC6A /* OrderSummaryView.swift */,
				719363312CEFAC9D006FDC6A /* PromoCodeSection.swift */,
			);
			path = ComponentsCartOrdersView;
			sourceTree = "<group>";
		};
		719363302CEFA1DC006FDC6A /* Cells */ = {
			isa = PBXGroup;
			children = (
				710082C32B4C6975007831F5 /* CartCell.swift */,
				719363212CECD7F5006FDC6A /* CartOrdersCell.swift */,
			);
			path = Cells;
			sourceTree = "<group>";
		};
		71AD03AB2B766C16006231F9 /* Orders */ = {
			isa = PBXGroup;
			children = (
				711ED96D2B504CD80052752F /* OrdersView.swift */,
				71AD03A92B766BED006231F9 /* OrdersVM.swift */,
				71AD03AC2B766CB3006231F9 /* OrderComponents */,
				71AD03B12B768806006231F9 /* OrderDetail */,
			);
			path = Orders;
			sourceTree = "<group>";
		};
		71AD03AC2B766CB3006231F9 /* OrderComponents */ = {
			isa = PBXGroup;
			children = (
				71AD03AD2B766CD4006231F9 /* OrderCell.swift */,
			);
			path = OrderComponents;
			sourceTree = "<group>";
		};
		71AD03B12B768806006231F9 /* OrderDetail */ = {
			isa = PBXGroup;
			children = (
				71AD03B22B76881A006231F9 /* OrderDetail.swift */,
				71AD03B42B768A00006231F9 /* OrderDetailVM.swift */,
			);
			path = OrderDetail;
			sourceTree = "<group>";
		};
		71BE6A962BA9A3200004ED32 /* Localization */ = {
			isa = PBXGroup;
			children = (
				71BE6A972BA9A34E0004ED32 /* Localization.swift */,
				71BE6A902BA85A1E0004ED32 /* Localizable.strings */,
			);
			path = Localization;
			sourceTree = "<group>";
		};
		71D7822A2BF787870021C150 /* App */ = {
			isa = PBXGroup;
			children = (
				71E45F9B2B48568F00941CE7 /* KIYIZGROUPApp.swift */,
				71E45FA92B4868A000941CE7 /* TabBar.swift */,
				711ED9732B504D680052752F /* MainTabVM.swift */,
			);
			path = App;
			sourceTree = "<group>";
		};
		71D7822B2BF788020021C150 /* Resourses */ = {
			isa = PBXGroup;
			children = (
				71E45F9F2B48569000941CE7 /* Assets.xcassets */,
				712C62802CAB05FF00258BD3 /* Colors.xcassets */,
				7143C8702CE3B504004CC4B9 /* Color.xcassets */,
			);
			path = Resourses;
			sourceTree = "<group>";
		};
		71E45F8F2B48568F00941CE7 = {
			isa = PBXGroup;
			children = (
				71E45F9A2B48568F00941CE7 /* KIYIZGROUP */,
				7130318D2BF39E7D00605DD6 /* KIYIZGROUPTests */,
				71E45F992B48568F00941CE7 /* Products */,
			);
			sourceTree = "<group>";
		};
		71E45F992B48568F00941CE7 /* Products */ = {
			isa = PBXGroup;
			children = (
				71E45F982B48568F00941CE7 /* KIYIZGROUP.app */,
				7130318C2BF39E7D00605DD6 /* KIYIZGROUPTests.xctest */,
			);
			name = Products;
			sourceTree = "<group>";
		};
		71E45F9A2B48568F00941CE7 /* KIYIZGROUP */ = {
			isa = PBXGroup;
			children = (
				71AE769A2BEE404200E4E3A3 /* Info.plist */,
				7143C86C2CE3ACEF004CC4B9 /* GoogleService-Info.plist */,
				71D7822A2BF787870021C150 /* App */,
				71E45FB22B48712A00941CE7 /* Views */,
				7179A9FB2CF89493005270CF /* InfoView */,
				71E45FB52B48723200941CE7 /* ComponentsView */,
				71E45FB82B48774C00941CE7 /* Model */,
				711ED8EB2B5008D00052752F /* Services */,
				712716922BA4856A00460FB1 /* Components */,
				711ED95C2B5012580052752F /* Constants */,
				71BE6A962BA9A3200004ED32 /* Localization */,
				71D7822B2BF788020021C150 /* Resourses */,
				71E45FA12B48569000941CE7 /* Preview Content */,
			);
			path = KIYIZGROUP;
			sourceTree = "<group>";
		};
		71E45FA12B48569000941CE7 /* Preview Content */ = {
			isa = PBXGroup;
			children = (
				71E45FA22B48569000941CE7 /* Preview Assets.xcassets */,
			);
			path = "Preview Content";
			sourceTree = "<group>";
		};
		71E45FB22B48712A00941CE7 /* Views */ = {
			isa = PBXGroup;
			children = (
				711ED96C2B504CCD0052752F /* Admin */,
				714F7AE12B5987FA00E533AD /* Authentication */,
				717D0FC72B5AAF0E001F2E6E /* Catalog */,
				7143C8722CE3C790004CC4B9 /* CustomDesignView */,
				714F76BE2B62A69B00931C2A /* ProductDetail */,
				714F76BB2B601A4900931C2A /* Cart */,
				71353CD42B696707008A7868 /* Profile */,
			);
			path = Views;
			sourceTree = "<group>";
		};
		71E45FB52B48723200941CE7 /* ComponentsView */ = {
			isa = PBXGroup;
			children = (
				71353CD52B6D16FE008A7868 /* ProfileCell.swift */,
			);
			path = ComponentsView;
			sourceTree = "<group>";
		};
		71E45FB82B48774C00941CE7 /* Model */ = {
			isa = PBXGroup;
			children = (
				71E45FB32B48717000941CE7 /* Product.swift */,
				711ED95A2B50120F0052752F /* Order.swift */,
				710082C12B4C6228007831F5 /* Position.swift */,
				71F5B2392D3115A6003B3106 /* IndividualOrder.swift */,
				711ED9562B5011140052752F /* NewUser.swift */,
				711ED9582B5011F70052752F /* Profile.swift */,
			);
			path = Model;
			sourceTree = "<group>";
		};
		71F5B22E2D3017B6003B3106 /* DeliveryView */ = {
			isa = PBXGroup;
			children = (
				7149E0A42D2EC420009A8689 /* DeliveryView.swift */,
				71F5B2342D302155003B3106 /* OrderRow.swift */,
				71F5B2332D302135003B3106 /* OrderItems */,
			);
			path = DeliveryView;
			sourceTree = "<group>";
		};
		71F5B2332D302135003B3106 /* OrderItems */ = {
			isa = PBXGroup;
			children = (
				71F5B2312D302111003B3106 /* OrderItems.swift */,
				71F5B22F2D3020D6003B3106 /* OrderItemsVM.swift */,
			);
			path = OrderItems;
			sourceTree = "<group>";
		};
		71F5B2362D302827003B3106 /* ChangePasswordView */ = {
			isa = PBXGroup;
			children = (
				7149E0A12D2D3AF2009A8689 /* ChangePasswordView.swift */,
				71F5B2372D302833003B3106 /* ChangePassword.swift */,
			);
			path = ChangePasswordView;
			sourceTree = "<group>";
		};
/* End PBXGroup section */

/* Begin PBXNativeTarget section */
		7130318B2BF39E7D00605DD6 /* KIYIZGROUPTests */ = {
			isa = PBXNativeTarget;
			buildConfigurationList = 713031922BF39E7D00605DD6 /* Build configuration list for PBXNativeTarget "KIYIZGROUPTests" */;
			buildPhases = (
				713031882BF39E7D00605DD6 /* Sources */,
				713031892BF39E7D00605DD6 /* Frameworks */,
				7130318A2BF39E7D00605DD6 /* Resources */,
			);
			buildRules = (
			);
			dependencies = (
				713031912BF39E7D00605DD6 /* PBXTargetDependency */,
			);
			name = KIYIZGROUPTests;
			productName = KIYIZGROUPTests;
			productReference = 7130318C2BF39E7D00605DD6 /* KIYIZGROUPTests.xctest */;
			productType = "com.apple.product-type.bundle.unit-test";
		};
		71E45F972B48568F00941CE7 /* KIYIZGROUP */ = {
			isa = PBXNativeTarget;
			buildConfigurationList = 71E45FA62B48569000941CE7 /* Build configuration list for PBXNativeTarget "KIYIZGROUP" */;
			buildPhases = (
				71E45F942B48568F00941CE7 /* Sources */,
				71E45F952B48568F00941CE7 /* Frameworks */,
				71E45F962B48568F00941CE7 /* Resources */,
			);
			buildRules = (
			);
			dependencies = (
			);
			name = KIYIZGROUP;
			packageProductDependencies = (
				71D7823B2BF79C030021C150 /* FirebaseAppCheck */,
				71D7823D2BF79C030021C150 /* FirebaseAppDistribution-Beta */,
				71D7823F2BF79C030021C150 /* FirebaseAuth */,
				71D782412BF79C030021C150 /* FirebaseAuthCombine-Community */,
				71D782472BF79C030021C150 /* FirebaseDatabaseSwift */,
				71D782492BF79C030021C150 /* FirebaseFirestore */,
				71D782512BF79C030021C150 /* FirebaseRemoteConfig */,
				71D782532BF79C030021C150 /* FirebaseRemoteConfigSwift */,
				71D782552BF79C030021C150 /* FirebaseStorage */,
				71D782572BF79C030021C150 /* FirebaseStorageCombine-Community */,
				71D7825A2BF79CA00021C150 /* SDWebImageSwiftUI */,
			);
			productName = GiftShop;
			productReference = 71E45F982B48568F00941CE7 /* KIYIZGROUP.app */;
			productType = "com.apple.product-type.application";
		};
/* End PBXNativeTarget section */

/* Begin PBXProject section */
		71E45F902B48568F00941CE7 /* Project object */ = {
			isa = PBXProject;
			attributes = {
				BuildIndependentTargetsInParallel = 1;
				LastSwiftUpdateCheck = 1530;
				LastUpgradeCheck = 1510;
				TargetAttributes = {
					7130318B2BF39E7D00605DD6 = {
						CreatedOnToolsVersion = 15.3;
						TestTargetID = 71E45F972B48568F00941CE7;
					};
					71E45F972B48568F00941CE7 = {
						CreatedOnToolsVersion = 15.1;
					};
				};
			};
			buildConfigurationList = 71E45F932B48568F00941CE7 /* Build configuration list for PBXProject "KIYIZGROUP" */;
			compatibilityVersion = "Xcode 14.0";
			developmentRegion = en;
			hasScannedForEncodings = 0;
			knownRegions = (
				en,
				Base,
				ru,
			);
			mainGroup = 71E45F8F2B48568F00941CE7;
			packageReferences = (
				71D7823A2BF79C030021C150 /* XCRemoteSwiftPackageReference "firebase-ios-sdk" */,
				71D782592BF79CA00021C150 /* XCRemoteSwiftPackageReference "SDWebImageSwiftUI" */,
			);
			productRefGroup = 71E45F992B48568F00941CE7 /* Products */;
			projectDirPath = "";
			projectRoot = "";
			targets = (
				71E45F972B48568F00941CE7 /* KIYIZGROUP */,
				7130318B2BF39E7D00605DD6 /* KIYIZGROUPTests */,
			);
		};
/* End PBXProject section */

/* Begin PBXResourcesBuildPhase section */
		7130318A2BF39E7D00605DD6 /* Resources */ = {
			isa = PBXResourcesBuildPhase;
			buildActionMask = 2147483647;
			files = (
			);
			runOnlyForDeploymentPostprocessing = 0;
		};
		71E45F962B48568F00941CE7 /* Resources */ = {
			isa = PBXResourcesBuildPhase;
			buildActionMask = 2147483647;
			files = (
				71BE6A922BA85A1E0004ED32 /* Localizable.strings in Resources */,
				712C62812CAB05FF00258BD3 /* Colors.xcassets in Resources */,
				71E45FA32B48569000941CE7 /* Preview Assets.xcassets in Resources */,
				71E45FA02B48569000941CE7 /* Assets.xcassets in Resources */,
				7143C86D2CE3ACEF004CC4B9 /* GoogleService-Info.plist in Resources */,
				7143C8712CE3B504004CC4B9 /* Color.xcassets in Resources */,
			);
			runOnlyForDeploymentPostprocessing = 0;
		};
/* End PBXResourcesBuildPhase section */

/* Begin PBXSourcesBuildPhase section */
		713031882BF39E7D00605DD6 /* Sources */ = {
			isa = PBXSourcesBuildPhase;
			buildActionMask = 2147483647;
			files = (
				713031982BF3A9E500605DD6 /* ProductServiceTests.swift in Sources */,
				713031962BF39EB700605DD6 /* CartTest.swift in Sources */,
				7130318F2BF39E7D00605DD6 /* KIYIZGROUPTests.swift in Sources */,
			);
			runOnlyForDeploymentPostprocessing = 0;
		};
		71E45F942B48568F00941CE7 /* Sources */ = {
			isa = PBXSourcesBuildPhase;
			buildActionMask = 2147483647;
			files = (
				7179A9F82CF78310005270CF /* ProfileInfoView.swift in Sources */,
				7127168D2BA35BAC00460FB1 /* Accesses.swift in Sources */,
				7143C8882CE79C9F004CC4B9 /* ButtonComponents.swift in Sources */,
				717D0FCB2B5AB75F001F2E6E /* ProductService.swift in Sources */,
				71E45FAE2B486C6D00941CE7 /* CartView.swift in Sources */,
				7179A9F62CF78306005270CF /* ProfileActionsView.swift in Sources */,
				710082BE2B4C5643007831F5 /* ProductDetailVM.swift in Sources */,
				7179A9EF2CF77F13005270CF /* DetailView.swift in Sources */,
				71929EDD2BB6D360001489CB /* AlertModel.swift in Sources */,
				71185BBF2D357E4000BB4BBB /* ViewExtention.swift in Sources */,
				7143C8742CE3C7AE004CC4B9 /* CustomDesignView.swift in Sources */,
				71FF92102B5EDCD500180598 /* DBOrdersService.swift in Sources */,
				7143C87D2CE76ED3004CC4B9 /* CustomDesignSectionView.swift in Sources */,
				710E3E092D071C53002FD2F5 /* AuthFieldsView.swift in Sources */,
				7143C86F2CE3B388004CC4B9 /* TextComponent.swift in Sources */,
				711ED95B2B50120F0052752F /* Order.swift in Sources */,
				71E45FBD2B487DE200941CE7 /* ProductDetailView.swift in Sources */,
				719363222CECD7F5006FDC6A /* CartOrdersCell.swift in Sources */,
				71E45FAA2B4868A000941CE7 /* TabBar.swift in Sources */,
				71E45F9E2B48568F00941CE7 /* AuthenticationView.swift in Sources */,
				7149E0A22D2D3AF2009A8689 /* ChangePasswordView.swift in Sources */,
				711ED96E2B504CD80052752F /* OrdersView.swift in Sources */,
				710E3E052D0701CD002FD2F5 /* RegistrationView.swift in Sources */,
				7179A9FE2CF89BD6005270CF /* ProductTypeSection.swift in Sources */,
				71AE76972BE8DF4100E4E3A3 /* PromoCodeView.swift in Sources */,
				7149E0AC2D2EC489009A8689 /* ProfileActionRow.swift in Sources */,
				71AD03AA2B766BED006231F9 /* OrdersVM.swift in Sources */,
				7193632B2CEE4028006FDC6A /* AddressPhoneSection.swift in Sources */,
				71353CD62B6D16FE008A7868 /* ProfileCell.swift in Sources */,
				71185BCF2D3A987100BB4BBB /* AlertView.swift in Sources */,
				719363252CEE2BFE006FDC6A /* HeaderView.swift in Sources */,
				71185BC82D393D4C00BB4BBB /* AuthorizationVM.swift in Sources */,
				7143C8832CE77864004CC4B9 /* CustomView.swift in Sources */,
				719363202CECCEA4006FDC6A /* CartOrdersView.swift in Sources */,
				71F5B2302D3020D6003B3106 /* OrderItemsVM.swift in Sources */,
				71F5B2382D302833003B3106 /* ChangePassword.swift in Sources */,
				7110A8C52B83850D00457615 /* CreateProductVM.swift in Sources */,
				71185BC62D35887900BB4BBB /* CustomNavigation.swift in Sources */,
				71F5B2352D302155003B3106 /* OrderRow.swift in Sources */,
				7193632F2CEE6338006FDC6A /* OrderSummaryView.swift in Sources */,
				71F5B23C2D3120D5003B3106 /* SupportInfoView.swift in Sources */,
				71353CD82B6D5770008A7868 /* ImagePicker.swift in Sources */,
				71AD03B32B76881A006231F9 /* OrderDetail.swift in Sources */,
				719363272CEE382B006FDC6A /* TextFieldComponent.swift in Sources */,
				7127168F2BA35CF300460FB1 /* Images.swift in Sources */,
				7149E0A52D2EC420009A8689 /* DeliveryView.swift in Sources */,
				71185BCC2D393DA400BB4BBB /* AuthBaseVM.swift in Sources */,
				7179AA002CF89BEF005270CF /* DesignSelectionSection.swift in Sources */,
				71E45FB42B48717000941CE7 /* Product.swift in Sources */,
				710E3E032D0701C6002FD2F5 /* AuthorizationView.swift in Sources */,
				7179A9F42CF782FE005270CF /* ProfileHeaderView.swift in Sources */,
				712716912BA35FB000460FB1 /* Colors .swift in Sources */,
				711ED9762B504EAF0052752F /* ProfileVM.swift in Sources */,
				711ED9602B504AF00052752F /* OrderService.swift in Sources */,
				711ED95E2B5012650052752F /* OrderStatus.swift in Sources */,
				711ED9592B5011F70052752F /* Profile.swift in Sources */,
				711ED9742B504D680052752F /* MainTabVM.swift in Sources */,
				710E3E072D0701E5002FD2F5 /* AnimatedImagesView.swift in Sources */,
				7110821F2D0C1AC8005B093C /* ImageLayer.swift in Sources */,
				719363292CEE3EB7006FDC6A /* AddressInputView.swift in Sources */,
				711ED9572B5011140052752F /* NewUser.swift in Sources */,
				71AD03AE2B766CD4006231F9 /* OrderCell.swift in Sources */,
				7143C8852CE7830E004CC4B9 /* ProductSectionView.swift in Sources */,
				710082C42B4C6975007831F5 /* CartCell.swift in Sources */,
				71E45FAC2B486C4900941CE7 /* CatalogView.swift in Sources */,
				71F5B2322D302111003B3106 /* OrderItems.swift in Sources */,
				710082C22B4C6228007831F5 /* Position.swift in Sources */,
				71E45FB72B48725B00941CE7 /* ProductCell.swift in Sources */,
				710082C02B4C61D1007831F5 /* CartVM.swift in Sources */,
				710E3DFA2D058D68002FD2F5 /* ButtonsAuthView.swift in Sources */,
				7193632D2CEE489F006FDC6A /* PaymentMethodSection.swift in Sources */,
				710E3DFE2D0590D4002FD2F5 /* LanguageToggleAuthView.swift in Sources */,
				71185BCA2D393D6A00BB4BBB /* RegistrationVM.swift in Sources */,
				711ED9702B504CE60052752F /* ProductsEditView.swift in Sources */,
				7179A9EC2CF75929005270CF /* InfoView.swift in Sources */,
				711082212D0C63B1005B093C /* EditProfileView.swift in Sources */,
				714F76C02B63F34B00931C2A /* PopularProductCell.swift in Sources */,
				710E3DF62D058ACB002FD2F5 /* HeaderAuthView.swift in Sources */,
				7143C8772CE3D478004CC4B9 /* LoadingView.swift in Sources */,
				7179AA022CF89C09005270CF /* AdditionalInfoSection.swift in Sources */,
				711ED9722B504CEE0052752F /* CreateProductView.swift in Sources */,
				710E3E0D2D0840E4002FD2F5 /* ForgotPasswordView.swift in Sources */,
				710E3E112D086811002FD2F5 /* RegistrationFieldsView.swift in Sources */,
				71E45FB02B486C8000941CE7 /* ProfileView.swift in Sources */,
				7143C88B2CE7D3E5004CC4B9 /* ProductInfoView.swift in Sources */,
				7179A9EA2CF750F4005270CF /* OrderDetailsView.swift in Sources */,
				710E3E132D086CF4002FD2F5 /* RegistrationConfirmationView.swift in Sources */,
				713A29042B91FDBF00CE720D /* ProductDetailEditVM.swift in Sources */,
				71E45F9C2B48568F00941CE7 /* KIYIZGROUPApp.swift in Sources */,
				71E45FBA2B48776900941CE7 /* CatalogVM.swift in Sources */,
				71DCC3212B9A20BE00442C32 /* Extentions.swift in Sources */,
				7143C8812CE76F0A004CC4B9 /* CategorySectionView1.swift in Sources */,
				713A29022B91FD5100CE720D /* ProductDetailEditView.swift in Sources */,
				71F5B23A2D3115A6003B3106 /* IndividualOrder.swift in Sources */,
				7143C8792CE3D5A0004CC4B9 /* PopularSectionView.swift in Sources */,
				7149E0A92D2EC462009A8689 /* AddressView.swift in Sources */,
				71AD03B52B768A00006231F9 /* OrderDetailVM.swift in Sources */,
				710E3DF82D058C8A002FD2F5 /* ImageGridAuthView.swift in Sources */,
				71AD03B02B768663006231F9 /* StatusColors.swift in Sources */,
				71185BC32D357EBB00BB4BBB /* UIApplicationExtention.swift in Sources */,
				711ED8EA2B50085B0052752F /* AuthService.swift in Sources */,
				71185BC12D357E7A00BB4BBB /* TextExtention.swift in Sources */,
				7149E0A72D2EC43B009A8689 /* CustomOrdersView.swift in Sources */,
				71BE6A982BA9A34E0004ED32 /* Localization.swift in Sources */,
				711ED9622B504B150052752F /* ProductsRepository.swift in Sources */,
				714F7AE52B599D9900E533AD /* ProfileService.swift in Sources */,
				719363322CEFAC9D006FDC6A /* PromoCodeSection.swift in Sources */,
				714F76BD2B602AA200931C2A /* Texts.swift in Sources */,
			);
			runOnlyForDeploymentPostprocessing = 0;
		};
/* End PBXSourcesBuildPhase section */

/* Begin PBXTargetDependency section */
		713031912BF39E7D00605DD6 /* PBXTargetDependency */ = {
			isa = PBXTargetDependency;
			target = 71E45F972B48568F00941CE7 /* KIYIZGROUP */;
			targetProxy = 713031902BF39E7D00605DD6 /* PBXContainerItemProxy */;
		};
/* End PBXTargetDependency section */

/* Begin PBXVariantGroup section */
		71BE6A902BA85A1E0004ED32 /* Localizable.strings */ = {
			isa = PBXVariantGroup;
			children = (
				71BE6A912BA85A1E0004ED32 /* en */,
				71BE6A932BA85D520004ED32 /* ru */,
			);
			name = Localizable.strings;
			sourceTree = "<group>";
		};
/* End PBXVariantGroup section */

/* Begin XCBuildConfiguration section */
		713031932BF39E7D00605DD6 /* Debug */ = {
			isa = XCBuildConfiguration;
			buildSettings = {
				BUNDLE_LOADER = "$(TEST_HOST)";
				CODE_SIGN_STYLE = Automatic;
				CURRENT_PROJECT_VERSION = 1;
				DEVELOPMENT_TEAM = 9N6US9U86T;
				GENERATE_INFOPLIST_FILE = YES;
				IPHONEOS_DEPLOYMENT_TARGET = 17.0;
				MARKETING_VERSION = 1.0;
				PRODUCT_BUNDLE_IDENTIFIER = com.stasy.KIYIZGROUPTests;
				PRODUCT_NAME = "$(TARGET_NAME)";
				SUPPORTED_PLATFORMS = "iphoneos iphonesimulator";
				SUPPORTS_MACCATALYST = NO;
				SUPPORTS_MAC_DESIGNED_FOR_IPHONE_IPAD = NO;
				SUPPORTS_XR_DESIGNED_FOR_IPHONE_IPAD = NO;
				SWIFT_EMIT_LOC_STRINGS = NO;
				SWIFT_VERSION = 5.0;
				TARGETED_DEVICE_FAMILY = 1;
				TEST_HOST = "$(BUILT_PRODUCTS_DIR)/KIYIZGROUP.app/$(BUNDLE_EXECUTABLE_FOLDER_PATH)/KIYIZGROUP";
			};
			name = Debug;
		};
		713031942BF39E7D00605DD6 /* Release */ = {
			isa = XCBuildConfiguration;
			buildSettings = {
				BUNDLE_LOADER = "$(TEST_HOST)";
				CODE_SIGN_STYLE = Automatic;
				CURRENT_PROJECT_VERSION = 1;
				DEVELOPMENT_TEAM = 9N6US9U86T;
				GENERATE_INFOPLIST_FILE = YES;
				IPHONEOS_DEPLOYMENT_TARGET = 17.0;
				MARKETING_VERSION = 1.0;
				PRODUCT_BUNDLE_IDENTIFIER = com.stasy.KIYIZGROUPTests;
				PRODUCT_NAME = "$(TARGET_NAME)";
				SUPPORTED_PLATFORMS = "iphoneos iphonesimulator";
				SUPPORTS_MACCATALYST = NO;
				SUPPORTS_MAC_DESIGNED_FOR_IPHONE_IPAD = NO;
				SUPPORTS_XR_DESIGNED_FOR_IPHONE_IPAD = NO;
				SWIFT_EMIT_LOC_STRINGS = NO;
				SWIFT_VERSION = 5.0;
				TARGETED_DEVICE_FAMILY = 1;
				TEST_HOST = "$(BUILT_PRODUCTS_DIR)/KIYIZGROUP.app/$(BUNDLE_EXECUTABLE_FOLDER_PATH)/KIYIZGROUP";
			};
			name = Release;
		};
		71E45FA42B48569000941CE7 /* Debug */ = {
			isa = XCBuildConfiguration;
			buildSettings = {
				ALWAYS_SEARCH_USER_PATHS = NO;
				ASSETCATALOG_COMPILER_GENERATE_SWIFT_ASSET_SYMBOL_EXTENSIONS = YES;
				CLANG_ANALYZER_LOCALIZABILITY_NONLOCALIZED = YES;
				CLANG_ANALYZER_NONNULL = YES;
				CLANG_ANALYZER_NUMBER_OBJECT_CONVERSION = YES_AGGRESSIVE;
				CLANG_CXX_LANGUAGE_STANDARD = "gnu++20";
				CLANG_ENABLE_MODULES = YES;
				CLANG_ENABLE_OBJC_ARC = YES;
				CLANG_ENABLE_OBJC_WEAK = YES;
				CLANG_WARN_BLOCK_CAPTURE_AUTORELEASING = YES;
				CLANG_WARN_BOOL_CONVERSION = YES;
				CLANG_WARN_COMMA = YES;
				CLANG_WARN_CONSTANT_CONVERSION = YES;
				CLANG_WARN_DEPRECATED_OBJC_IMPLEMENTATIONS = YES;
				CLANG_WARN_DIRECT_OBJC_ISA_USAGE = YES_ERROR;
				CLANG_WARN_DOCUMENTATION_COMMENTS = YES;
				CLANG_WARN_EMPTY_BODY = YES;
				CLANG_WARN_ENUM_CONVERSION = YES;
				CLANG_WARN_INFINITE_RECURSION = YES;
				CLANG_WARN_INT_CONVERSION = YES;
				CLANG_WARN_NON_LITERAL_NULL_CONVERSION = YES;
				CLANG_WARN_OBJC_IMPLICIT_RETAIN_SELF = YES;
				CLANG_WARN_OBJC_LITERAL_CONVERSION = YES;
				CLANG_WARN_OBJC_ROOT_CLASS = YES_ERROR;
				CLANG_WARN_QUOTED_INCLUDE_IN_FRAMEWORK_HEADER = YES;
				CLANG_WARN_RANGE_LOOP_ANALYSIS = YES;
				CLANG_WARN_STRICT_PROTOTYPES = YES;
				CLANG_WARN_SUSPICIOUS_MOVE = YES;
				CLANG_WARN_UNGUARDED_AVAILABILITY = YES_AGGRESSIVE;
				CLANG_WARN_UNREACHABLE_CODE = YES;
				CLANG_WARN__DUPLICATE_METHOD_MATCH = YES;
				COPY_PHASE_STRIP = NO;
				DEBUG_INFORMATION_FORMAT = dwarf;
				ENABLE_STRICT_OBJC_MSGSEND = YES;
				ENABLE_TESTABILITY = YES;
				ENABLE_USER_SCRIPT_SANDBOXING = YES;
				GCC_C_LANGUAGE_STANDARD = gnu17;
				GCC_DYNAMIC_NO_PIC = NO;
				GCC_NO_COMMON_BLOCKS = YES;
				GCC_OPTIMIZATION_LEVEL = 0;
				GCC_PREPROCESSOR_DEFINITIONS = (
					"DEBUG=1",
					"$(inherited)",
				);
				GCC_WARN_64_TO_32_BIT_CONVERSION = YES;
				GCC_WARN_ABOUT_RETURN_TYPE = YES_ERROR;
				GCC_WARN_UNDECLARED_SELECTOR = YES;
				GCC_WARN_UNINITIALIZED_AUTOS = YES_AGGRESSIVE;
				GCC_WARN_UNUSED_FUNCTION = YES;
				GCC_WARN_UNUSED_VARIABLE = YES;
				IPHONEOS_DEPLOYMENT_TARGET = 14.0;
				LOCALIZATION_PREFERS_STRING_CATALOGS = YES;
				MTL_ENABLE_DEBUG_INFO = INCLUDE_SOURCE;
				MTL_FAST_MATH = YES;
				ONLY_ACTIVE_ARCH = YES;
				SDKROOT = iphoneos;
				SWIFT_ACTIVE_COMPILATION_CONDITIONS = "DEBUG $(inherited)";
				SWIFT_OPTIMIZATION_LEVEL = "-Onone";
			};
			name = Debug;
		};
		71E45FA52B48569000941CE7 /* Release */ = {
			isa = XCBuildConfiguration;
			buildSettings = {
				ALWAYS_SEARCH_USER_PATHS = NO;
				ASSETCATALOG_COMPILER_GENERATE_SWIFT_ASSET_SYMBOL_EXTENSIONS = YES;
				CLANG_ANALYZER_LOCALIZABILITY_NONLOCALIZED = YES;
				CLANG_ANALYZER_NONNULL = YES;
				CLANG_ANALYZER_NUMBER_OBJECT_CONVERSION = YES_AGGRESSIVE;
				CLANG_CXX_LANGUAGE_STANDARD = "gnu++20";
				CLANG_ENABLE_MODULES = YES;
				CLANG_ENABLE_OBJC_ARC = YES;
				CLANG_ENABLE_OBJC_WEAK = YES;
				CLANG_WARN_BLOCK_CAPTURE_AUTORELEASING = YES;
				CLANG_WARN_BOOL_CONVERSION = YES;
				CLANG_WARN_COMMA = YES;
				CLANG_WARN_CONSTANT_CONVERSION = YES;
				CLANG_WARN_DEPRECATED_OBJC_IMPLEMENTATIONS = YES;
				CLANG_WARN_DIRECT_OBJC_ISA_USAGE = YES_ERROR;
				CLANG_WARN_DOCUMENTATION_COMMENTS = YES;
				CLANG_WARN_EMPTY_BODY = YES;
				CLANG_WARN_ENUM_CONVERSION = YES;
				CLANG_WARN_INFINITE_RECURSION = YES;
				CLANG_WARN_INT_CONVERSION = YES;
				CLANG_WARN_NON_LITERAL_NULL_CONVERSION = YES;
				CLANG_WARN_OBJC_IMPLICIT_RETAIN_SELF = YES;
				CLANG_WARN_OBJC_LITERAL_CONVERSION = YES;
				CLANG_WARN_OBJC_ROOT_CLASS = YES_ERROR;
				CLANG_WARN_QUOTED_INCLUDE_IN_FRAMEWORK_HEADER = YES;
				CLANG_WARN_RANGE_LOOP_ANALYSIS = YES;
				CLANG_WARN_STRICT_PROTOTYPES = YES;
				CLANG_WARN_SUSPICIOUS_MOVE = YES;
				CLANG_WARN_UNGUARDED_AVAILABILITY = YES_AGGRESSIVE;
				CLANG_WARN_UNREACHABLE_CODE = YES;
				CLANG_WARN__DUPLICATE_METHOD_MATCH = YES;
				COPY_PHASE_STRIP = NO;
				DEBUG_INFORMATION_FORMAT = "dwarf-with-dsym";
				ENABLE_NS_ASSERTIONS = NO;
				ENABLE_STRICT_OBJC_MSGSEND = YES;
				ENABLE_USER_SCRIPT_SANDBOXING = YES;
				GCC_C_LANGUAGE_STANDARD = gnu17;
				GCC_NO_COMMON_BLOCKS = YES;
				GCC_WARN_64_TO_32_BIT_CONVERSION = YES;
				GCC_WARN_ABOUT_RETURN_TYPE = YES_ERROR;
				GCC_WARN_UNDECLARED_SELECTOR = YES;
				GCC_WARN_UNINITIALIZED_AUTOS = YES_AGGRESSIVE;
				GCC_WARN_UNUSED_FUNCTION = YES;
				GCC_WARN_UNUSED_VARIABLE = YES;
				IPHONEOS_DEPLOYMENT_TARGET = 14.0;
				LOCALIZATION_PREFERS_STRING_CATALOGS = YES;
				MTL_ENABLE_DEBUG_INFO = NO;
				MTL_FAST_MATH = YES;
				ONLY_ACTIVE_ARCH = NO;
				SDKROOT = iphoneos;
				SWIFT_COMPILATION_MODE = wholemodule;
				VALIDATE_PRODUCT = YES;
			};
			name = Release;
		};
		71E45FA72B48569000941CE7 /* Debug */ = {
			isa = XCBuildConfiguration;
			buildSettings = {
				ASSETCATALOG_COMPILER_APPICON_NAME = AppIcon;
				ASSETCATALOG_COMPILER_GLOBAL_ACCENT_COLOR_NAME = AccentColor;
				CODE_SIGN_STYLE = Automatic;
				CURRENT_PROJECT_VERSION = 1;
				DEVELOPMENT_ASSET_PATHS = "\"KIYIZGROUP/Preview Content\"";
				DEVELOPMENT_TEAM = 9N6US9U86T;
				ENABLE_PREVIEWS = YES;
				GENERATE_INFOPLIST_FILE = YES;
				INFOPLIST_FILE = KIYIZGROUP/Info.plist;
				INFOPLIST_KEY_UIApplicationSceneManifest_Generation = YES;
				INFOPLIST_KEY_UIApplicationSupportsIndirectInputEvents = YES;
				INFOPLIST_KEY_UILaunchScreen_Generation = YES;
				INFOPLIST_KEY_UISupportedInterfaceOrientations = UIInterfaceOrientationPortrait;
				INFOPLIST_KEY_UISupportedInterfaceOrientations_iPad = "UIInterfaceOrientationPortrait UIInterfaceOrientationPortraitUpsideDown";
				IPHONEOS_DEPLOYMENT_TARGET = 17.0;
				LD_RUNPATH_SEARCH_PATHS = (
					"$(inherited)",
					"@executable_path/Frameworks",
				);
				MARKETING_VERSION = 2.0;
				PRODUCT_BUNDLE_IDENTIFIER = com.stasy.KIYIZGROUP;
				PRODUCT_NAME = "$(TARGET_NAME)";
				SUPPORTED_PLATFORMS = "iphoneos iphonesimulator";
				SUPPORTS_MACCATALYST = NO;
				SUPPORTS_MAC_DESIGNED_FOR_IPHONE_IPAD = NO;
				SUPPORTS_XR_DESIGNED_FOR_IPHONE_IPAD = NO;
				SWIFT_EMIT_LOC_STRINGS = YES;
				SWIFT_VERSION = 5.0;
				TARGETED_DEVICE_FAMILY = 1;
			};
			name = Debug;
		};
		71E45FA82B48569000941CE7 /* Release */ = {
			isa = XCBuildConfiguration;
			buildSettings = {
				ASSETCATALOG_COMPILER_APPICON_NAME = AppIcon;
				ASSETCATALOG_COMPILER_GLOBAL_ACCENT_COLOR_NAME = AccentColor;
				CODE_SIGN_STYLE = Automatic;
				CURRENT_PROJECT_VERSION = 1;
				DEVELOPMENT_ASSET_PATHS = "\"KIYIZGROUP/Preview Content\"";
				DEVELOPMENT_TEAM = 9N6US9U86T;
				ENABLE_PREVIEWS = YES;
				GENERATE_INFOPLIST_FILE = YES;
				INFOPLIST_FILE = KIYIZGROUP/Info.plist;
				INFOPLIST_KEY_UIApplicationSceneManifest_Generation = YES;
				INFOPLIST_KEY_UIApplicationSupportsIndirectInputEvents = YES;
				INFOPLIST_KEY_UILaunchScreen_Generation = YES;
				INFOPLIST_KEY_UISupportedInterfaceOrientations = UIInterfaceOrientationPortrait;
				INFOPLIST_KEY_UISupportedInterfaceOrientations_iPad = "UIInterfaceOrientationPortrait UIInterfaceOrientationPortraitUpsideDown";
				IPHONEOS_DEPLOYMENT_TARGET = 17.0;
				LD_RUNPATH_SEARCH_PATHS = (
					"$(inherited)",
					"@executable_path/Frameworks",
				);
				MARKETING_VERSION = 2.0;
				PRODUCT_BUNDLE_IDENTIFIER = com.stasy.KIYIZGROUP;
				PRODUCT_NAME = "$(TARGET_NAME)";
				SUPPORTED_PLATFORMS = "iphoneos iphonesimulator";
				SUPPORTS_MACCATALYST = NO;
				SUPPORTS_MAC_DESIGNED_FOR_IPHONE_IPAD = NO;
				SUPPORTS_XR_DESIGNED_FOR_IPHONE_IPAD = NO;
				SWIFT_EMIT_LOC_STRINGS = YES;
				SWIFT_VERSION = 5.0;
				TARGETED_DEVICE_FAMILY = 1;
			};
			name = Release;
		};
/* End XCBuildConfiguration section */

/* Begin XCConfigurationList section */
		713031922BF39E7D00605DD6 /* Build configuration list for PBXNativeTarget "KIYIZGROUPTests" */ = {
			isa = XCConfigurationList;
			buildConfigurations = (
				713031932BF39E7D00605DD6 /* Debug */,
				713031942BF39E7D00605DD6 /* Release */,
			);
			defaultConfigurationIsVisible = 0;
			defaultConfigurationName = Release;
		};
		71E45F932B48568F00941CE7 /* Build configuration list for PBXProject "KIYIZGROUP" */ = {
			isa = XCConfigurationList;
			buildConfigurations = (
				71E45FA42B48569000941CE7 /* Debug */,
				71E45FA52B48569000941CE7 /* Release */,
			);
			defaultConfigurationIsVisible = 0;
			defaultConfigurationName = Release;
		};
		71E45FA62B48569000941CE7 /* Build configuration list for PBXNativeTarget "KIYIZGROUP" */ = {
			isa = XCConfigurationList;
			buildConfigurations = (
				71E45FA72B48569000941CE7 /* Debug */,
				71E45FA82B48569000941CE7 /* Release */,
			);
			defaultConfigurationIsVisible = 0;
			defaultConfigurationName = Release;
		};
/* End XCConfigurationList section */

/* Begin XCRemoteSwiftPackageReference section */
		71D7823A2BF79C030021C150 /* XCRemoteSwiftPackageReference "firebase-ios-sdk" */ = {
			isa = XCRemoteSwiftPackageReference;
			repositoryURL = "https://github.com/firebase/firebase-ios-sdk";
			requirement = {
				kind = upToNextMinorVersion;
				minimumVersion = 10.26.0;
			};
		};
		71D782592BF79CA00021C150 /* XCRemoteSwiftPackageReference "SDWebImageSwiftUI" */ = {
			isa = XCRemoteSwiftPackageReference;
			repositoryURL = "https://github.com/SDWebImage/SDWebImageSwiftUI.git";
			requirement = {
				kind = upToNextMajorVersion;
				minimumVersion = 3.0.4;
			};
		};
/* End XCRemoteSwiftPackageReference section */

/* Begin XCSwiftPackageProductDependency section */
		71D7823B2BF79C030021C150 /* FirebaseAppCheck */ = {
			isa = XCSwiftPackageProductDependency;
			package = 71D7823A2BF79C030021C150 /* XCRemoteSwiftPackageReference "firebase-ios-sdk" */;
			productName = FirebaseAppCheck;
		};
		71D7823D2BF79C030021C150 /* FirebaseAppDistribution-Beta */ = {
			isa = XCSwiftPackageProductDependency;
			package = 71D7823A2BF79C030021C150 /* XCRemoteSwiftPackageReference "firebase-ios-sdk" */;
			productName = "FirebaseAppDistribution-Beta";
		};
		71D7823F2BF79C030021C150 /* FirebaseAuth */ = {
			isa = XCSwiftPackageProductDependency;
			package = 71D7823A2BF79C030021C150 /* XCRemoteSwiftPackageReference "firebase-ios-sdk" */;
			productName = FirebaseAuth;
		};
		71D782412BF79C030021C150 /* FirebaseAuthCombine-Community */ = {
			isa = XCSwiftPackageProductDependency;
			package = 71D7823A2BF79C030021C150 /* XCRemoteSwiftPackageReference "firebase-ios-sdk" */;
			productName = "FirebaseAuthCombine-Community";
		};
		71D782472BF79C030021C150 /* FirebaseDatabaseSwift */ = {
			isa = XCSwiftPackageProductDependency;
			package = 71D7823A2BF79C030021C150 /* XCRemoteSwiftPackageReference "firebase-ios-sdk" */;
			productName = FirebaseDatabaseSwift;
		};
		71D782492BF79C030021C150 /* FirebaseFirestore */ = {
			isa = XCSwiftPackageProductDependency;
			package = 71D7823A2BF79C030021C150 /* XCRemoteSwiftPackageReference "firebase-ios-sdk" */;
			productName = FirebaseFirestore;
		};
		71D782512BF79C030021C150 /* FirebaseRemoteConfig */ = {
			isa = XCSwiftPackageProductDependency;
			package = 71D7823A2BF79C030021C150 /* XCRemoteSwiftPackageReference "firebase-ios-sdk" */;
			productName = FirebaseRemoteConfig;
		};
		71D782532BF79C030021C150 /* FirebaseRemoteConfigSwift */ = {
			isa = XCSwiftPackageProductDependency;
			package = 71D7823A2BF79C030021C150 /* XCRemoteSwiftPackageReference "firebase-ios-sdk" */;
			productName = FirebaseRemoteConfigSwift;
		};
		71D782552BF79C030021C150 /* FirebaseStorage */ = {
			isa = XCSwiftPackageProductDependency;
			package = 71D7823A2BF79C030021C150 /* XCRemoteSwiftPackageReference "firebase-ios-sdk" */;
			productName = FirebaseStorage;
		};
		71D782572BF79C030021C150 /* FirebaseStorageCombine-Community */ = {
			isa = XCSwiftPackageProductDependency;
			package = 71D7823A2BF79C030021C150 /* XCRemoteSwiftPackageReference "firebase-ios-sdk" */;
			productName = "FirebaseStorageCombine-Community";
		};
		71D7825A2BF79CA00021C150 /* SDWebImageSwiftUI */ = {
			isa = XCSwiftPackageProductDependency;
			package = 71D782592BF79CA00021C150 /* XCRemoteSwiftPackageReference "SDWebImageSwiftUI" */;
			productName = SDWebImageSwiftUI;
		};
/* End XCSwiftPackageProductDependency section */
	};
	rootObject = 71E45F902B48568F00941CE7 /* Project object */;
}
