// !$*UTF8*$!
{
	archiveVersion = 1;
	classes = {
	};
	objectVersion = 56;
	objects = {

/* Begin PBXBuildFile section */
		24CB5D01D14D4B98077C85E8 /* Pods_GiftShop.framework in Frameworks */ = {isa = PBXBuildFile; fileRef = 81595415D5B830AF89D0BC92 /* Pods_GiftShop.framework */; };
		710082BE2B4C5643007831F5 /* ProductDetailVM.swift in Sources */ = {isa = PBXBuildFile; fileRef = 710082BD2B4C5643007831F5 /* ProductDetailVM.swift */; };
		710082C02B4C61D1007831F5 /* CartVM.swift in Sources */ = {isa = PBXBuildFile; fileRef = 710082BF2B4C61D1007831F5 /* CartVM.swift */; };
		710082C22B4C6228007831F5 /* Position.swift in Sources */ = {isa = PBXBuildFile; fileRef = 710082C12B4C6228007831F5 /* Position.swift */; };
		710082C42B4C6975007831F5 /* CartCell.swift in Sources */ = {isa = PBXBuildFile; fileRef = 710082C32B4C6975007831F5 /* CartCell.swift */; };
		7110A8C52B83850D00457615 /* CreateProductVM.swift in Sources */ = {isa = PBXBuildFile; fileRef = 7110A8C42B83850D00457615 /* CreateProductVM.swift */; };
		711ED8EA2B50085B0052752F /* AuthService.swift in Sources */ = {isa = PBXBuildFile; fileRef = 711ED8E92B50085B0052752F /* AuthService.swift */; };
		711ED92D2B5010BE0052752F /* FirebaseAppCheck in Frameworks */ = {isa = PBXBuildFile; productRef = 711ED92C2B5010BE0052752F /* FirebaseAppCheck */; };
		711ED92F2B5010BE0052752F /* FirebaseAppDistribution-Beta in Frameworks */ = {isa = PBXBuildFile; productRef = 711ED92E2B5010BE0052752F /* FirebaseAppDistribution-Beta */; };
		711ED9312B5010BE0052752F /* FirebaseAuth in Frameworks */ = {isa = PBXBuildFile; productRef = 711ED9302B5010BE0052752F /* FirebaseAuth */; };
		711ED9332B5010BE0052752F /* FirebaseAuthCombine-Community in Frameworks */ = {isa = PBXBuildFile; productRef = 711ED9322B5010BE0052752F /* FirebaseAuthCombine-Community */; };
		711ED9352B5010BE0052752F /* FirebaseCrashlytics in Frameworks */ = {isa = PBXBuildFile; productRef = 711ED9342B5010BE0052752F /* FirebaseCrashlytics */; };
		711ED9372B5010BE0052752F /* FirebaseDatabase in Frameworks */ = {isa = PBXBuildFile; productRef = 711ED9362B5010BE0052752F /* FirebaseDatabase */; };
		711ED9392B5010BE0052752F /* FirebaseDatabaseSwift in Frameworks */ = {isa = PBXBuildFile; productRef = 711ED9382B5010BE0052752F /* FirebaseDatabaseSwift */; };
		711ED93B2B5010BE0052752F /* FirebaseDynamicLinks in Frameworks */ = {isa = PBXBuildFile; productRef = 711ED93A2B5010BE0052752F /* FirebaseDynamicLinks */; };
		711ED93D2B5010BE0052752F /* FirebaseFirestore in Frameworks */ = {isa = PBXBuildFile; productRef = 711ED93C2B5010BE0052752F /* FirebaseFirestore */; };
		711ED93F2B5010BE0052752F /* FirebaseFirestoreCombine-Community in Frameworks */ = {isa = PBXBuildFile; productRef = 711ED93E2B5010BE0052752F /* FirebaseFirestoreCombine-Community */; };
		711ED9412B5010BE0052752F /* FirebaseFirestoreSwift in Frameworks */ = {isa = PBXBuildFile; productRef = 711ED9402B5010BE0052752F /* FirebaseFirestoreSwift */; };
		711ED9432B5010BE0052752F /* FirebaseFunctions in Frameworks */ = {isa = PBXBuildFile; productRef = 711ED9422B5010BE0052752F /* FirebaseFunctions */; };
		711ED9452B5010BE0052752F /* FirebaseFunctionsCombine-Community in Frameworks */ = {isa = PBXBuildFile; productRef = 711ED9442B5010BE0052752F /* FirebaseFunctionsCombine-Community */; };
		711ED9472B5010BE0052752F /* FirebaseInAppMessaging-Beta in Frameworks */ = {isa = PBXBuildFile; productRef = 711ED9462B5010BE0052752F /* FirebaseInAppMessaging-Beta */; };
		711ED9492B5010BE0052752F /* FirebaseInAppMessagingSwift-Beta in Frameworks */ = {isa = PBXBuildFile; productRef = 711ED9482B5010BE0052752F /* FirebaseInAppMessagingSwift-Beta */; };
		711ED94B2B5010BE0052752F /* FirebaseInstallations in Frameworks */ = {isa = PBXBuildFile; productRef = 711ED94A2B5010BE0052752F /* FirebaseInstallations */; };
		711ED94D2B5010BE0052752F /* FirebaseMLModelDownloader in Frameworks */ = {isa = PBXBuildFile; productRef = 711ED94C2B5010BE0052752F /* FirebaseMLModelDownloader */; };
		711ED94F2B5010BE0052752F /* FirebaseRemoteConfig in Frameworks */ = {isa = PBXBuildFile; productRef = 711ED94E2B5010BE0052752F /* FirebaseRemoteConfig */; };
		711ED9512B5010BE0052752F /* FirebaseRemoteConfigSwift in Frameworks */ = {isa = PBXBuildFile; productRef = 711ED9502B5010BE0052752F /* FirebaseRemoteConfigSwift */; };
		711ED9532B5010BE0052752F /* FirebaseStorage in Frameworks */ = {isa = PBXBuildFile; productRef = 711ED9522B5010BE0052752F /* FirebaseStorage */; };
		711ED9552B5010BE0052752F /* FirebaseStorageCombine-Community in Frameworks */ = {isa = PBXBuildFile; productRef = 711ED9542B5010BE0052752F /* FirebaseStorageCombine-Community */; };
		711ED9572B5011140052752F /* NewUser.swift in Sources */ = {isa = PBXBuildFile; fileRef = 711ED9562B5011140052752F /* NewUser.swift */; };
		711ED9592B5011F70052752F /* Profile.swift in Sources */ = {isa = PBXBuildFile; fileRef = 711ED9582B5011F70052752F /* Profile.swift */; };
		711ED95B2B50120F0052752F /* Order.swift in Sources */ = {isa = PBXBuildFile; fileRef = 711ED95A2B50120F0052752F /* Order.swift */; };
		711ED95E2B5012650052752F /* OrderStatus.swift in Sources */ = {isa = PBXBuildFile; fileRef = 711ED95D2B5012650052752F /* OrderStatus.swift */; };
		711ED9602B504AF00052752F /* OrderService.swift in Sources */ = {isa = PBXBuildFile; fileRef = 711ED95F2B504AF00052752F /* OrderService.swift */; };
		711ED9622B504B150052752F /* ProductsRepository.swift in Sources */ = {isa = PBXBuildFile; fileRef = 711ED9612B504B150052752F /* ProductsRepository.swift */; };
		711ED96E2B504CD80052752F /* OrdersView.swift in Sources */ = {isa = PBXBuildFile; fileRef = 711ED96D2B504CD80052752F /* OrdersView.swift */; };
		711ED9702B504CE60052752F /* ProductsEditView.swift in Sources */ = {isa = PBXBuildFile; fileRef = 711ED96F2B504CE60052752F /* ProductsEditView.swift */; };
		711ED9722B504CEE0052752F /* CreateProductView.swift in Sources */ = {isa = PBXBuildFile; fileRef = 711ED9712B504CEE0052752F /* CreateProductView.swift */; };
		711ED9742B504D680052752F /* MainTabViewModel.swift in Sources */ = {isa = PBXBuildFile; fileRef = 711ED9732B504D680052752F /* MainTabViewModel.swift */; };
		711ED9762B504EAF0052752F /* ProfileVM.swift in Sources */ = {isa = PBXBuildFile; fileRef = 711ED9752B504EAF0052752F /* ProfileVM.swift */; };
		7127168D2BA35BAC00460FB1 /* Accesses.swift in Sources */ = {isa = PBXBuildFile; fileRef = 7127168C2BA35BAC00460FB1 /* Accesses.swift */; };
		7127168F2BA35CF300460FB1 /* Images.swift in Sources */ = {isa = PBXBuildFile; fileRef = 7127168E2BA35CF300460FB1 /* Images.swift */; };
		712716912BA35FB000460FB1 /* Colors .swift in Sources */ = {isa = PBXBuildFile; fileRef = 712716902BA35FB000460FB1 /* Colors .swift */; };
		71353CD62B6D16FE008A7868 /* ProfileCell.swift in Sources */ = {isa = PBXBuildFile; fileRef = 71353CD52B6D16FE008A7868 /* ProfileCell.swift */; };
		71353CD82B6D5770008A7868 /* ImagePicker.swift in Sources */ = {isa = PBXBuildFile; fileRef = 71353CD72B6D5770008A7868 /* ImagePicker.swift */; };
		713A29022B91FD5100CE720D /* ProductDetailEditView.swift in Sources */ = {isa = PBXBuildFile; fileRef = 713A29012B91FD5100CE720D /* ProductDetailEditView.swift */; };
		713A29042B91FDBF00CE720D /* ProductDetailEditVM.swift in Sources */ = {isa = PBXBuildFile; fileRef = 713A29032B91FDBF00CE720D /* ProductDetailEditVM.swift */; };
		714F76B82B60020900931C2A /* SDWebImageSwiftUI in Frameworks */ = {isa = PBXBuildFile; productRef = 714F76B72B60020900931C2A /* SDWebImageSwiftUI */; };
		714F76BD2B602AA200931C2A /* Texts.swift in Sources */ = {isa = PBXBuildFile; fileRef = 714F76BC2B602AA200931C2A /* Texts.swift */; };
		714F76C02B63F34B00931C2A /* PopularProductCell.swift in Sources */ = {isa = PBXBuildFile; fileRef = 714F76BF2B63F34B00931C2A /* PopularProductCell.swift */; };
		714F7ADD2B59515B00E533AD /* GoogleService-Info.plist in Resources */ = {isa = PBXBuildFile; fileRef = 714F7ADC2B59515B00E533AD /* GoogleService-Info.plist */; };
		714F7AE02B59873B00E533AD /* AuthVM.swift in Sources */ = {isa = PBXBuildFile; fileRef = 714F7ADF2B59873B00E533AD /* AuthVM.swift */; };
		714F7AE52B599D9900E533AD /* ProfileService.swift in Sources */ = {isa = PBXBuildFile; fileRef = 714F7AE42B599D9900E533AD /* ProfileService.swift */; };
		717D0FCB2B5AB75F001F2E6E /* ProductService.swift in Sources */ = {isa = PBXBuildFile; fileRef = 717D0FCA2B5AB75F001F2E6E /* ProductService.swift */; };
		717D0FD42B5AD2B7001F2E6E /* Products.json in Resources */ = {isa = PBXBuildFile; fileRef = 717D0FD32B5AD2B7001F2E6E /* Products.json */; };
		71AD03AA2B766BED006231F9 /* OrdersVM.swift in Sources */ = {isa = PBXBuildFile; fileRef = 71AD03A92B766BED006231F9 /* OrdersVM.swift */; };
		71AD03AE2B766CD4006231F9 /* OrderCell.swift in Sources */ = {isa = PBXBuildFile; fileRef = 71AD03AD2B766CD4006231F9 /* OrderCell.swift */; };
		71AD03B02B768663006231F9 /* StatusColors.swift in Sources */ = {isa = PBXBuildFile; fileRef = 71AD03AF2B768663006231F9 /* StatusColors.swift */; };
		71AD03B32B76881A006231F9 /* OrderDetail.swift in Sources */ = {isa = PBXBuildFile; fileRef = 71AD03B22B76881A006231F9 /* OrderDetail.swift */; };
		71AD03B52B768A00006231F9 /* OrderDetailVM.swift in Sources */ = {isa = PBXBuildFile; fileRef = 71AD03B42B768A00006231F9 /* OrderDetailVM.swift */; };
		71BE6A922BA85A1E0004ED32 /* Localizable.strings in Resources */ = {isa = PBXBuildFile; fileRef = 71BE6A902BA85A1E0004ED32 /* Localizable.strings */; };
		71DCC3212B9A20BE00442C32 /* Extentions.swift in Sources */ = {isa = PBXBuildFile; fileRef = 71DCC3202B9A20BE00442C32 /* Extentions.swift */; };
		71E45F9C2B48568F00941CE7 /* GiftShopApp.swift in Sources */ = {isa = PBXBuildFile; fileRef = 71E45F9B2B48568F00941CE7 /* GiftShopApp.swift */; };
		71E45F9E2B48568F00941CE7 /* AuthView.swift in Sources */ = {isa = PBXBuildFile; fileRef = 71E45F9D2B48568F00941CE7 /* AuthView.swift */; };
		71E45FA02B48569000941CE7 /* Assets.xcassets in Resources */ = {isa = PBXBuildFile; fileRef = 71E45F9F2B48569000941CE7 /* Assets.xcassets */; };
		71E45FA32B48569000941CE7 /* Preview Assets.xcassets in Resources */ = {isa = PBXBuildFile; fileRef = 71E45FA22B48569000941CE7 /* Preview Assets.xcassets */; };
		71E45FAA2B4868A000941CE7 /* TabBar.swift in Sources */ = {isa = PBXBuildFile; fileRef = 71E45FA92B4868A000941CE7 /* TabBar.swift */; };
		71E45FAC2B486C4900941CE7 /* CatalogView.swift in Sources */ = {isa = PBXBuildFile; fileRef = 71E45FAB2B486C4900941CE7 /* CatalogView.swift */; };
		71E45FAE2B486C6D00941CE7 /* CartView.swift in Sources */ = {isa = PBXBuildFile; fileRef = 71E45FAD2B486C6D00941CE7 /* CartView.swift */; };
		71E45FB02B486C8000941CE7 /* ProfileView.swift in Sources */ = {isa = PBXBuildFile; fileRef = 71E45FAF2B486C8000941CE7 /* ProfileView.swift */; };
		71E45FB42B48717000941CE7 /* Product.swift in Sources */ = {isa = PBXBuildFile; fileRef = 71E45FB32B48717000941CE7 /* Product.swift */; };
		71E45FB72B48725B00941CE7 /* ProductCell.swift in Sources */ = {isa = PBXBuildFile; fileRef = 71E45FB62B48725B00941CE7 /* ProductCell.swift */; };
		71E45FBA2B48776900941CE7 /* CatalogVM.swift in Sources */ = {isa = PBXBuildFile; fileRef = 71E45FB92B48776900941CE7 /* CatalogVM.swift */; };
		71E45FBD2B487DE200941CE7 /* ProductDetailView.swift in Sources */ = {isa = PBXBuildFile; fileRef = 71E45FBC2B487DE200941CE7 /* ProductDetailView.swift */; };
		71FF92102B5EDCD500180598 /* DBOrdersService.swift in Sources */ = {isa = PBXBuildFile; fileRef = 71FF920F2B5EDCD500180598 /* DBOrdersService.swift */; };
/* End PBXBuildFile section */

/* Begin PBXFileReference section */
		51EA9A0E1F65AD52C0CE210C /* Pods-GiftShop.release.xcconfig */ = {isa = PBXFileReference; includeInIndex = 1; lastKnownFileType = text.xcconfig; name = "Pods-GiftShop.release.xcconfig"; path = "Target Support Files/Pods-GiftShop/Pods-GiftShop.release.xcconfig"; sourceTree = "<group>"; };
		5811559A5B9260F571E67C59 /* Pods-GiftShop.debug.xcconfig */ = {isa = PBXFileReference; includeInIndex = 1; lastKnownFileType = text.xcconfig; name = "Pods-GiftShop.debug.xcconfig"; path = "Target Support Files/Pods-GiftShop/Pods-GiftShop.debug.xcconfig"; sourceTree = "<group>"; };
		710082BD2B4C5643007831F5 /* ProductDetailVM.swift */ = {isa = PBXFileReference; lastKnownFileType = sourcecode.swift; path = ProductDetailVM.swift; sourceTree = "<group>"; };
		710082BF2B4C61D1007831F5 /* CartVM.swift */ = {isa = PBXFileReference; lastKnownFileType = sourcecode.swift; path = CartVM.swift; sourceTree = "<group>"; };
		710082C12B4C6228007831F5 /* Position.swift */ = {isa = PBXFileReference; lastKnownFileType = sourcecode.swift; path = Position.swift; sourceTree = "<group>"; };
		710082C32B4C6975007831F5 /* CartCell.swift */ = {isa = PBXFileReference; lastKnownFileType = sourcecode.swift; path = CartCell.swift; sourceTree = "<group>"; };
		7110A8C42B83850D00457615 /* CreateProductVM.swift */ = {isa = PBXFileReference; lastKnownFileType = sourcecode.swift; path = CreateProductVM.swift; sourceTree = "<group>"; };
		711ED8E92B50085B0052752F /* AuthService.swift */ = {isa = PBXFileReference; lastKnownFileType = sourcecode.swift; path = AuthService.swift; sourceTree = "<group>"; };
		711ED9562B5011140052752F /* NewUser.swift */ = {isa = PBXFileReference; lastKnownFileType = sourcecode.swift; path = NewUser.swift; sourceTree = "<group>"; };
		711ED9582B5011F70052752F /* Profile.swift */ = {isa = PBXFileReference; lastKnownFileType = sourcecode.swift; path = Profile.swift; sourceTree = "<group>"; };
		711ED95A2B50120F0052752F /* Order.swift */ = {isa = PBXFileReference; lastKnownFileType = sourcecode.swift; path = Order.swift; sourceTree = "<group>"; };
		711ED95D2B5012650052752F /* OrderStatus.swift */ = {isa = PBXFileReference; lastKnownFileType = sourcecode.swift; path = OrderStatus.swift; sourceTree = "<group>"; };
		711ED95F2B504AF00052752F /* OrderService.swift */ = {isa = PBXFileReference; lastKnownFileType = sourcecode.swift; path = OrderService.swift; sourceTree = "<group>"; };
		711ED9612B504B150052752F /* ProductsRepository.swift */ = {isa = PBXFileReference; lastKnownFileType = sourcecode.swift; path = ProductsRepository.swift; sourceTree = "<group>"; };
		711ED96D2B504CD80052752F /* OrdersView.swift */ = {isa = PBXFileReference; lastKnownFileType = sourcecode.swift; path = OrdersView.swift; sourceTree = "<group>"; };
		711ED96F2B504CE60052752F /* ProductsEditView.swift */ = {isa = PBXFileReference; lastKnownFileType = sourcecode.swift; path = ProductsEditView.swift; sourceTree = "<group>"; };
		711ED9712B504CEE0052752F /* CreateProductView.swift */ = {isa = PBXFileReference; lastKnownFileType = sourcecode.swift; path = CreateProductView.swift; sourceTree = "<group>"; };
		711ED9732B504D680052752F /* MainTabViewModel.swift */ = {isa = PBXFileReference; lastKnownFileType = sourcecode.swift; path = MainTabViewModel.swift; sourceTree = "<group>"; };
		711ED9752B504EAF0052752F /* ProfileVM.swift */ = {isa = PBXFileReference; lastKnownFileType = sourcecode.swift; path = ProfileVM.swift; sourceTree = "<group>"; };
		7127168C2BA35BAC00460FB1 /* Accesses.swift */ = {isa = PBXFileReference; lastKnownFileType = sourcecode.swift; path = Accesses.swift; sourceTree = "<group>"; };
		7127168E2BA35CF300460FB1 /* Images.swift */ = {isa = PBXFileReference; lastKnownFileType = sourcecode.swift; path = Images.swift; sourceTree = "<group>"; };
		712716902BA35FB000460FB1 /* Colors .swift */ = {isa = PBXFileReference; lastKnownFileType = sourcecode.swift; path = "Colors .swift"; sourceTree = "<group>"; };
		71353CD52B6D16FE008A7868 /* ProfileCell.swift */ = {isa = PBXFileReference; lastKnownFileType = sourcecode.swift; path = ProfileCell.swift; sourceTree = "<group>"; };
		71353CD72B6D5770008A7868 /* ImagePicker.swift */ = {isa = PBXFileReference; lastKnownFileType = sourcecode.swift; path = ImagePicker.swift; sourceTree = "<group>"; };
		713A29012B91FD5100CE720D /* ProductDetailEditView.swift */ = {isa = PBXFileReference; lastKnownFileType = sourcecode.swift; path = ProductDetailEditView.swift; sourceTree = "<group>"; };
		713A29032B91FDBF00CE720D /* ProductDetailEditVM.swift */ = {isa = PBXFileReference; lastKnownFileType = sourcecode.swift; path = ProductDetailEditVM.swift; sourceTree = "<group>"; };
		714F76BC2B602AA200931C2A /* Texts.swift */ = {isa = PBXFileReference; lastKnownFileType = sourcecode.swift; path = Texts.swift; sourceTree = "<group>"; };
		714F76BF2B63F34B00931C2A /* PopularProductCell.swift */ = {isa = PBXFileReference; lastKnownFileType = sourcecode.swift; path = PopularProductCell.swift; sourceTree = "<group>"; };
		714F7ADC2B59515B00E533AD /* GoogleService-Info.plist */ = {isa = PBXFileReference; fileEncoding = 4; lastKnownFileType = text.plist.xml; name = "GoogleService-Info.plist"; path = "../../GoogleService-Info.plist"; sourceTree = "<group>"; };
		714F7ADF2B59873B00E533AD /* AuthVM.swift */ = {isa = PBXFileReference; lastKnownFileType = sourcecode.swift; path = AuthVM.swift; sourceTree = "<group>"; };
		714F7AE42B599D9900E533AD /* ProfileService.swift */ = {isa = PBXFileReference; lastKnownFileType = sourcecode.swift; path = ProfileService.swift; sourceTree = "<group>"; };
		717D0FCA2B5AB75F001F2E6E /* ProductService.swift */ = {isa = PBXFileReference; lastKnownFileType = sourcecode.swift; path = ProductService.swift; sourceTree = "<group>"; };
		717D0FD32B5AD2B7001F2E6E /* Products.json */ = {isa = PBXFileReference; fileEncoding = 4; lastKnownFileType = text.json; path = Products.json; sourceTree = "<group>"; };
		71AD03A92B766BED006231F9 /* OrdersVM.swift */ = {isa = PBXFileReference; lastKnownFileType = sourcecode.swift; path = OrdersVM.swift; sourceTree = "<group>"; };
		71AD03AD2B766CD4006231F9 /* OrderCell.swift */ = {isa = PBXFileReference; lastKnownFileType = sourcecode.swift; path = OrderCell.swift; sourceTree = "<group>"; };
		71AD03AF2B768663006231F9 /* StatusColors.swift */ = {isa = PBXFileReference; lastKnownFileType = sourcecode.swift; path = StatusColors.swift; sourceTree = "<group>"; };
		71AD03B22B76881A006231F9 /* OrderDetail.swift */ = {isa = PBXFileReference; lastKnownFileType = sourcecode.swift; path = OrderDetail.swift; sourceTree = "<group>"; };
		71AD03B42B768A00006231F9 /* OrderDetailVM.swift */ = {isa = PBXFileReference; lastKnownFileType = sourcecode.swift; path = OrderDetailVM.swift; sourceTree = "<group>"; };
		71BE6A912BA85A1E0004ED32 /* en */ = {isa = PBXFileReference; lastKnownFileType = text.plist.strings; name = en; path = en.lproj/Localizable.strings; sourceTree = "<group>"; };
		71BE6A932BA85D520004ED32 /* ru */ = {isa = PBXFileReference; lastKnownFileType = text.plist.strings; name = ru; path = ru.lproj/Localizable.strings; sourceTree = "<group>"; };
		71DCC3202B9A20BE00442C32 /* Extentions.swift */ = {isa = PBXFileReference; lastKnownFileType = sourcecode.swift; path = Extentions.swift; sourceTree = "<group>"; };
		71E45F982B48568F00941CE7 /* GiftShop.app */ = {isa = PBXFileReference; explicitFileType = wrapper.application; includeInIndex = 0; path = GiftShop.app; sourceTree = BUILT_PRODUCTS_DIR; };
		71E45F9B2B48568F00941CE7 /* GiftShopApp.swift */ = {isa = PBXFileReference; lastKnownFileType = sourcecode.swift; path = GiftShopApp.swift; sourceTree = "<group>"; };
		71E45F9D2B48568F00941CE7 /* AuthView.swift */ = {isa = PBXFileReference; lastKnownFileType = sourcecode.swift; path = AuthView.swift; sourceTree = "<group>"; };
		71E45F9F2B48569000941CE7 /* Assets.xcassets */ = {isa = PBXFileReference; lastKnownFileType = folder.assetcatalog; path = Assets.xcassets; sourceTree = "<group>"; };
		71E45FA22B48569000941CE7 /* Preview Assets.xcassets */ = {isa = PBXFileReference; lastKnownFileType = folder.assetcatalog; path = "Preview Assets.xcassets"; sourceTree = "<group>"; };
		71E45FA92B4868A000941CE7 /* TabBar.swift */ = {isa = PBXFileReference; lastKnownFileType = sourcecode.swift; path = TabBar.swift; sourceTree = "<group>"; };
		71E45FAB2B486C4900941CE7 /* CatalogView.swift */ = {isa = PBXFileReference; lastKnownFileType = sourcecode.swift; path = CatalogView.swift; sourceTree = "<group>"; };
		71E45FAD2B486C6D00941CE7 /* CartView.swift */ = {isa = PBXFileReference; lastKnownFileType = sourcecode.swift; path = CartView.swift; sourceTree = "<group>"; };
		71E45FAF2B486C8000941CE7 /* ProfileView.swift */ = {isa = PBXFileReference; lastKnownFileType = sourcecode.swift; path = ProfileView.swift; sourceTree = "<group>"; };
		71E45FB32B48717000941CE7 /* Product.swift */ = {isa = PBXFileReference; lastKnownFileType = sourcecode.swift; path = Product.swift; sourceTree = "<group>"; };
		71E45FB62B48725B00941CE7 /* ProductCell.swift */ = {isa = PBXFileReference; lastKnownFileType = sourcecode.swift; path = ProductCell.swift; sourceTree = "<group>"; };
		71E45FB92B48776900941CE7 /* CatalogVM.swift */ = {isa = PBXFileReference; lastKnownFileType = sourcecode.swift; path = CatalogVM.swift; sourceTree = "<group>"; };
		71E45FBC2B487DE200941CE7 /* ProductDetailView.swift */ = {isa = PBXFileReference; lastKnownFileType = sourcecode.swift; path = ProductDetailView.swift; sourceTree = "<group>"; };
		71FF920F2B5EDCD500180598 /* DBOrdersService.swift */ = {isa = PBXFileReference; lastKnownFileType = sourcecode.swift; path = DBOrdersService.swift; sourceTree = "<group>"; };
		81595415D5B830AF89D0BC92 /* Pods_GiftShop.framework */ = {isa = PBXFileReference; explicitFileType = wrapper.framework; includeInIndex = 0; path = Pods_GiftShop.framework; sourceTree = BUILT_PRODUCTS_DIR; };
/* End PBXFileReference section */

/* Begin PBXFrameworksBuildPhase section */
		71E45F952B48568F00941CE7 /* Frameworks */ = {
			isa = PBXFrameworksBuildPhase;
			buildActionMask = 2147483647;
			files = (
				711ED94D2B5010BE0052752F /* FirebaseMLModelDownloader in Frameworks */,
				711ED9552B5010BE0052752F /* FirebaseStorageCombine-Community in Frameworks */,
				711ED9392B5010BE0052752F /* FirebaseDatabaseSwift in Frameworks */,
				711ED9512B5010BE0052752F /* FirebaseRemoteConfigSwift in Frameworks */,
				711ED9472B5010BE0052752F /* FirebaseInAppMessaging-Beta in Frameworks */,
				711ED9372B5010BE0052752F /* FirebaseDatabase in Frameworks */,
				711ED92D2B5010BE0052752F /* FirebaseAppCheck in Frameworks */,
				711ED9432B5010BE0052752F /* FirebaseFunctions in Frameworks */,
				714F76B82B60020900931C2A /* SDWebImageSwiftUI in Frameworks */,
				711ED93F2B5010BE0052752F /* FirebaseFirestoreCombine-Community in Frameworks */,
				711ED93B2B5010BE0052752F /* FirebaseDynamicLinks in Frameworks */,
				711ED9492B5010BE0052752F /* FirebaseInAppMessagingSwift-Beta in Frameworks */,
				711ED94F2B5010BE0052752F /* FirebaseRemoteConfig in Frameworks */,
				711ED9412B5010BE0052752F /* FirebaseFirestoreSwift in Frameworks */,
				711ED9312B5010BE0052752F /* FirebaseAuth in Frameworks */,
				711ED9532B5010BE0052752F /* FirebaseStorage in Frameworks */,
				711ED9452B5010BE0052752F /* FirebaseFunctionsCombine-Community in Frameworks */,
				711ED94B2B5010BE0052752F /* FirebaseInstallations in Frameworks */,
				711ED93D2B5010BE0052752F /* FirebaseFirestore in Frameworks */,
				711ED9352B5010BE0052752F /* FirebaseCrashlytics in Frameworks */,
				711ED92F2B5010BE0052752F /* FirebaseAppDistribution-Beta in Frameworks */,
				711ED9332B5010BE0052752F /* FirebaseAuthCombine-Community in Frameworks */,
				24CB5D01D14D4B98077C85E8 /* Pods_GiftShop.framework in Frameworks */,
			);
			runOnlyForDeploymentPostprocessing = 0;
		};
/* End PBXFrameworksBuildPhase section */

/* Begin PBXGroup section */
		534DCC2B2D8A1773BE8AF9D3 /* Frameworks */ = {
			isa = PBXGroup;
			children = (
				81595415D5B830AF89D0BC92 /* Pods_GiftShop.framework */,
			);
			name = Frameworks;
			sourceTree = "<group>";
		};
		7110A8C02B8381B900457615 /* ProductsEdit */ = {
			isa = PBXGroup;
			children = (
				711ED96F2B504CE60052752F /* ProductsEditView.swift */,
			);
			path = ProductsEdit;
			sourceTree = "<group>";
		};
		7110A8C32B8384FB00457615 /* CreateProduct */ = {
			isa = PBXGroup;
			children = (
				711ED9712B504CEE0052752F /* CreateProductView.swift */,
				7110A8C42B83850D00457615 /* CreateProductVM.swift */,
			);
			path = CreateProduct;
			sourceTree = "<group>";
		};
		711ED8EB2B5008D00052752F /* Services */ = {
			isa = PBXGroup;
			children = (
				711ED8E92B50085B0052752F /* AuthService.swift */,
				717D0FCA2B5AB75F001F2E6E /* ProductService.swift */,
				71FF920F2B5EDCD500180598 /* DBOrdersService.swift */,
				711ED95F2B504AF00052752F /* OrderService.swift */,
				714F7AE42B599D9900E533AD /* ProfileService.swift */,
				711ED9612B504B150052752F /* ProductsRepository.swift */,
			);
			path = Services;
			sourceTree = "<group>";
		};
		711ED95C2B5012580052752F /* Constants */ = {
			isa = PBXGroup;
			children = (
				711ED95D2B5012650052752F /* OrderStatus.swift */,
				714F76BC2B602AA200931C2A /* Texts.swift */,
				7127168E2BA35CF300460FB1 /* Images.swift */,
				712716902BA35FB000460FB1 /* Colors .swift */,
				7127168C2BA35BAC00460FB1 /* Accesses.swift */,
			);
			path = Constants;
			sourceTree = "<group>";
		};
		711ED96C2B504CCD0052752F /* Admin */ = {
			isa = PBXGroup;
			children = (
				71AD03AB2B766C16006231F9 /* Orders */,
				7110A8C02B8381B900457615 /* ProductsEdit */,
				713A29002B91FD1000CE720D /* ProductDetailEditView */,
				7110A8C32B8384FB00457615 /* CreateProduct */,
				71AD03AC2B766CB3006231F9 /* AdminComponents */,
			);
			path = Admin;
			sourceTree = "<group>";
		};
		712716922BA4856A00460FB1 /* Components */ = {
			isa = PBXGroup;
			children = (
				71DCC3202B9A20BE00442C32 /* Extentions.swift */,
				71353CD72B6D5770008A7868 /* ImagePicker.swift */,
				71AD03AF2B768663006231F9 /* StatusColors.swift */,
			);
			name = Components;
			path = Constants/Components;
			sourceTree = "<group>";
		};
		71353CD42B696707008A7868 /* ProfileVM */ = {
			isa = PBXGroup;
			children = (
				71E45FAF2B486C8000941CE7 /* ProfileView.swift */,
				711ED9752B504EAF0052752F /* ProfileVM.swift */,
			);
			path = ProfileVM;
			sourceTree = "<group>";
		};
		713A29002B91FD1000CE720D /* ProductDetailEditView */ = {
			isa = PBXGroup;
			children = (
				713A29012B91FD5100CE720D /* ProductDetailEditView.swift */,
				713A29032B91FDBF00CE720D /* ProductDetailEditVM.swift */,
			);
			path = ProductDetailEditView;
			sourceTree = "<group>";
		};
		714F76BB2B601A4900931C2A /* Card */ = {
			isa = PBXGroup;
			children = (
				71E45FAD2B486C6D00941CE7 /* CartView.swift */,
				710082BF2B4C61D1007831F5 /* CartVM.swift */,
			);
			path = Card;
			sourceTree = "<group>";
		};
		714F76BE2B62A69B00931C2A /* ProductDetail */ = {
			isa = PBXGroup;
			children = (
				71E45FBC2B487DE200941CE7 /* ProductDetailView.swift */,
				710082BD2B4C5643007831F5 /* ProductDetailVM.swift */,
			);
			path = ProductDetail;
			sourceTree = "<group>";
		};
		714F7AE12B5987FA00E533AD /* Authorization */ = {
			isa = PBXGroup;
			children = (
				71E45F9D2B48568F00941CE7 /* AuthView.swift */,
				714F7ADF2B59873B00E533AD /* AuthVM.swift */,
			);
			path = Authorization;
			sourceTree = "<group>";
		};
		717D0FC72B5AAF0E001F2E6E /* Menu */ = {
			isa = PBXGroup;
			children = (
				71E45FAB2B486C4900941CE7 /* CatalogView.swift */,
				71E45FB92B48776900941CE7 /* CatalogVM.swift */,
			);
			path = Menu;
			sourceTree = "<group>";
		};
		71AD03AB2B766C16006231F9 /* Orders */ = {
			isa = PBXGroup;
			children = (
				711ED96D2B504CD80052752F /* OrdersView.swift */,
				71AD03A92B766BED006231F9 /* OrdersVM.swift */,
				71AD03B12B768806006231F9 /* OrderDetail */,
			);
			path = Orders;
			sourceTree = "<group>";
		};
		71AD03AC2B766CB3006231F9 /* AdminComponents */ = {
			isa = PBXGroup;
			children = (
				71AD03AD2B766CD4006231F9 /* OrderCell.swift */,
			);
			path = AdminComponents;
			sourceTree = "<group>";
		};
		71AD03B12B768806006231F9 /* OrderDetail */ = {
			isa = PBXGroup;
			children = (
				71AD03B22B76881A006231F9 /* OrderDetail.swift */,
				71AD03B42B768A00006231F9 /* OrderDetailVM.swift */,
			);
			path = OrderDetail;
			sourceTree = "<group>";
		};
		71E45F8F2B48568F00941CE7 = {
			isa = PBXGroup;
			children = (
				71E45F9A2B48568F00941CE7 /* GiftShop */,
				71E45F992B48568F00941CE7 /* Products */,
				ED176DA6A259E0EFED3D184B /* Pods */,
				534DCC2B2D8A1773BE8AF9D3 /* Frameworks */,
			);
			sourceTree = "<group>";
		};
		71E45F992B48568F00941CE7 /* Products */ = {
			isa = PBXGroup;
			children = (
				71E45F982B48568F00941CE7 /* GiftShop.app */,
			);
			name = Products;
			sourceTree = "<group>";
		};
		71E45F9A2B48568F00941CE7 /* GiftShop */ = {
			isa = PBXGroup;
			children = (
				71E45F9B2B48568F00941CE7 /* GiftShopApp.swift */,
				71E45FA92B4868A000941CE7 /* TabBar.swift */,
				71E45FB22B48712A00941CE7 /* Views */,
				71E45FB52B48723200941CE7 /* Components */,
				71E45FBB2B48777200941CE7 /* ViewModel */,
				71E45FB82B48774C00941CE7 /* Model */,
				711ED8EB2B5008D00052752F /* Services */,
				712716922BA4856A00460FB1 /* Components */,
				711ED95C2B5012580052752F /* Constants */,
				71E45F9F2B48569000941CE7 /* Assets.xcassets */,
				717D0FD32B5AD2B7001F2E6E /* Products.json */,
				714F7ADC2B59515B00E533AD /* GoogleService-Info.plist */,
				71E45FA12B48569000941CE7 /* Preview Content */,
				71BE6A902BA85A1E0004ED32 /* Localizable.strings */,
			);
			path = GiftShop;
			sourceTree = "<group>";
		};
		71E45FA12B48569000941CE7 /* Preview Content */ = {
			isa = PBXGroup;
			children = (
				71E45FA22B48569000941CE7 /* Preview Assets.xcassets */,
			);
			path = "Preview Content";
			sourceTree = "<group>";
		};
		71E45FB22B48712A00941CE7 /* Views */ = {
			isa = PBXGroup;
			children = (
				714F7AE12B5987FA00E533AD /* Authorization */,
				711ED96C2B504CCD0052752F /* Admin */,
				717D0FC72B5AAF0E001F2E6E /* Menu */,
				714F76BE2B62A69B00931C2A /* ProductDetail */,
				714F76BB2B601A4900931C2A /* Card */,
				71353CD42B696707008A7868 /* ProfileVM */,
			);
			path = Views;
			sourceTree = "<group>";
		};
		71E45FB52B48723200941CE7 /* Components */ = {
			isa = PBXGroup;
			children = (
				71E45FB62B48725B00941CE7 /* ProductCell.swift */,
				714F76BF2B63F34B00931C2A /* PopularProductCell.swift */,
				710082C32B4C6975007831F5 /* CartCell.swift */,
				71353CD52B6D16FE008A7868 /* ProfileCell.swift */,
			);
			path = Components;
			sourceTree = "<group>";
		};
		71E45FB82B48774C00941CE7 /* Model */ = {
			isa = PBXGroup;
			children = (
				71E45FB32B48717000941CE7 /* Product.swift */,
				711ED95A2B50120F0052752F /* Order.swift */,
				710082C12B4C6228007831F5 /* Position.swift */,
				711ED9562B5011140052752F /* NewUser.swift */,
				711ED9582B5011F70052752F /* Profile.swift */,
			);
			path = Model;
			sourceTree = "<group>";
		};
		71E45FBB2B48777200941CE7 /* ViewModel */ = {
			isa = PBXGroup;
			children = (
				711ED9732B504D680052752F /* MainTabViewModel.swift */,
			);
			path = ViewModel;
			sourceTree = "<group>";
		};
		ED176DA6A259E0EFED3D184B /* Pods */ = {
			isa = PBXGroup;
			children = (
				5811559A5B9260F571E67C59 /* Pods-GiftShop.debug.xcconfig */,
				51EA9A0E1F65AD52C0CE210C /* Pods-GiftShop.release.xcconfig */,
			);
			path = Pods;
			sourceTree = "<group>";
		};
/* End PBXGroup section */

/* Begin PBXNativeTarget section */
		71E45F972B48568F00941CE7 /* GiftShop */ = {
			isa = PBXNativeTarget;
			buildConfigurationList = 71E45FA62B48569000941CE7 /* Build configuration list for PBXNativeTarget "GiftShop" */;
			buildPhases = (
				59DE3B6520F14EA8B20F9013 /* [CP] Check Pods Manifest.lock */,
				71E45F942B48568F00941CE7 /* Sources */,
				71E45F952B48568F00941CE7 /* Frameworks */,
				71E45F962B48568F00941CE7 /* Resources */,
			);
			buildRules = (
			);
			dependencies = (
			);
			name = GiftShop;
			packageProductDependencies = (
				711ED92C2B5010BE0052752F /* FirebaseAppCheck */,
				711ED92E2B5010BE0052752F /* FirebaseAppDistribution-Beta */,
				711ED9302B5010BE0052752F /* FirebaseAuth */,
				711ED9322B5010BE0052752F /* FirebaseAuthCombine-Community */,
				711ED9342B5010BE0052752F /* FirebaseCrashlytics */,
				711ED9362B5010BE0052752F /* FirebaseDatabase */,
				711ED9382B5010BE0052752F /* FirebaseDatabaseSwift */,
				711ED93A2B5010BE0052752F /* FirebaseDynamicLinks */,
				711ED93C2B5010BE0052752F /* FirebaseFirestore */,
				711ED93E2B5010BE0052752F /* FirebaseFirestoreCombine-Community */,
				711ED9402B5010BE0052752F /* FirebaseFirestoreSwift */,
				711ED9422B5010BE0052752F /* FirebaseFunctions */,
				711ED9442B5010BE0052752F /* FirebaseFunctionsCombine-Community */,
				711ED9462B5010BE0052752F /* FirebaseInAppMessaging-Beta */,
				711ED9482B5010BE0052752F /* FirebaseInAppMessagingSwift-Beta */,
				711ED94A2B5010BE0052752F /* FirebaseInstallations */,
				711ED94C2B5010BE0052752F /* FirebaseMLModelDownloader */,
				711ED94E2B5010BE0052752F /* FirebaseRemoteConfig */,
				711ED9502B5010BE0052752F /* FirebaseRemoteConfigSwift */,
				711ED9522B5010BE0052752F /* FirebaseStorage */,
				711ED9542B5010BE0052752F /* FirebaseStorageCombine-Community */,
				714F76B72B60020900931C2A /* SDWebImageSwiftUI */,
			);
			productName = GiftShop;
			productReference = 71E45F982B48568F00941CE7 /* GiftShop.app */;
			productType = "com.apple.product-type.application";
		};
/* End PBXNativeTarget section */

/* Begin PBXProject section */
		71E45F902B48568F00941CE7 /* Project object */ = {
			isa = PBXProject;
			attributes = {
				BuildIndependentTargetsInParallel = 1;
				LastSwiftUpdateCheck = 1510;
				LastUpgradeCheck = 1510;
				TargetAttributes = {
					71E45F972B48568F00941CE7 = {
						CreatedOnToolsVersion = 15.1;
					};
				};
			};
			buildConfigurationList = 71E45F932B48568F00941CE7 /* Build configuration list for PBXProject "GiftShop" */;
			compatibilityVersion = "Xcode 14.0";
			developmentRegion = en;
			hasScannedForEncodings = 0;
			knownRegions = (
				en,
				Base,
				ru,
			);
			mainGroup = 71E45F8F2B48568F00941CE7;
			packageReferences = (
				711ED92B2B5010BE0052752F /* XCRemoteSwiftPackageReference "firebase-ios-sdk" */,
				714F76B62B60020900931C2A /* XCRemoteSwiftPackageReference "SDWebImageSwiftUI" */,
			);
			productRefGroup = 71E45F992B48568F00941CE7 /* Products */;
			projectDirPath = "";
			projectRoot = "";
			targets = (
				71E45F972B48568F00941CE7 /* GiftShop */,
			);
		};
/* End PBXProject section */

/* Begin PBXResourcesBuildPhase section */
		71E45F962B48568F00941CE7 /* Resources */ = {
			isa = PBXResourcesBuildPhase;
			buildActionMask = 2147483647;
			files = (
				71BE6A922BA85A1E0004ED32 /* Localizable.strings in Resources */,
				71E45FA32B48569000941CE7 /* Preview Assets.xcassets in Resources */,
				717D0FD42B5AD2B7001F2E6E /* Products.json in Resources */,
				71E45FA02B48569000941CE7 /* Assets.xcassets in Resources */,
				714F7ADD2B59515B00E533AD /* GoogleService-Info.plist in Resources */,
			);
			runOnlyForDeploymentPostprocessing = 0;
		};
/* End PBXResourcesBuildPhase section */

/* Begin PBXShellScriptBuildPhase section */
		59DE3B6520F14EA8B20F9013 /* [CP] Check Pods Manifest.lock */ = {
			isa = PBXShellScriptBuildPhase;
			buildActionMask = 2147483647;
			files = (
			);
			inputFileListPaths = (
			);
			inputPaths = (
				"${PODS_PODFILE_DIR_PATH}/Podfile.lock",
				"${PODS_ROOT}/Manifest.lock",
			);
			name = "[CP] Check Pods Manifest.lock";
			outputFileListPaths = (
			);
			outputPaths = (
				"$(DERIVED_FILE_DIR)/Pods-GiftShop-checkManifestLockResult.txt",
			);
			runOnlyForDeploymentPostprocessing = 0;
			shellPath = /bin/sh;
			shellScript = "diff \"${PODS_PODFILE_DIR_PATH}/Podfile.lock\" \"${PODS_ROOT}/Manifest.lock\" > /dev/null\nif [ $? != 0 ] ; then\n    # print error to STDERR\n    echo \"error: The sandbox is not in sync with the Podfile.lock. Run 'pod install' or update your CocoaPods installation.\" >&2\n    exit 1\nfi\n# This output is used by Xcode 'outputs' to avoid re-running this script phase.\necho \"SUCCESS\" > \"${SCRIPT_OUTPUT_FILE_0}\"\n";
			showEnvVarsInLog = 0;
		};
/* End PBXShellScriptBuildPhase section */

/* Begin PBXSourcesBuildPhase section */
		71E45F942B48568F00941CE7 /* Sources */ = {
			isa = PBXSourcesBuildPhase;
			buildActionMask = 2147483647;
			files = (
				7127168D2BA35BAC00460FB1 /* Accesses.swift in Sources */,
				717D0FCB2B5AB75F001F2E6E /* ProductService.swift in Sources */,
				71E45FAE2B486C6D00941CE7 /* CartView.swift in Sources */,
				710082BE2B4C5643007831F5 /* ProductDetailVM.swift in Sources */,
				71FF92102B5EDCD500180598 /* DBOrdersService.swift in Sources */,
				711ED95B2B50120F0052752F /* Order.swift in Sources */,
				71E45FBD2B487DE200941CE7 /* ProductDetailView.swift in Sources */,
				71E45FAA2B4868A000941CE7 /* TabBar.swift in Sources */,
				71E45F9E2B48568F00941CE7 /* AuthView.swift in Sources */,
				711ED96E2B504CD80052752F /* OrdersView.swift in Sources */,
				71AD03AA2B766BED006231F9 /* OrdersVM.swift in Sources */,
				71353CD62B6D16FE008A7868 /* ProfileCell.swift in Sources */,
				7110A8C52B83850D00457615 /* CreateProductVM.swift in Sources */,
				71353CD82B6D5770008A7868 /* ImagePicker.swift in Sources */,
				71AD03B32B76881A006231F9 /* OrderDetail.swift in Sources */,
				7127168F2BA35CF300460FB1 /* Images.swift in Sources */,
				71E45FB42B48717000941CE7 /* Product.swift in Sources */,
				712716912BA35FB000460FB1 /* Colors .swift in Sources */,
				711ED9762B504EAF0052752F /* ProfileVM.swift in Sources */,
				711ED9602B504AF00052752F /* OrderService.swift in Sources */,
				711ED95E2B5012650052752F /* OrderStatus.swift in Sources */,
				711ED9592B5011F70052752F /* Profile.swift in Sources */,
				711ED9742B504D680052752F /* MainTabViewModel.swift in Sources */,
				711ED9572B5011140052752F /* NewUser.swift in Sources */,
				71AD03AE2B766CD4006231F9 /* OrderCell.swift in Sources */,
				710082C42B4C6975007831F5 /* CartCell.swift in Sources */,
				71E45FAC2B486C4900941CE7 /* CatalogView.swift in Sources */,
				714F7AE02B59873B00E533AD /* AuthVM.swift in Sources */,
				710082C22B4C6228007831F5 /* Position.swift in Sources */,
				71E45FB72B48725B00941CE7 /* ProductCell.swift in Sources */,
				710082C02B4C61D1007831F5 /* CartVM.swift in Sources */,
				711ED9702B504CE60052752F /* ProductsEditView.swift in Sources */,
				714F76C02B63F34B00931C2A /* PopularProductCell.swift in Sources */,
				711ED9722B504CEE0052752F /* CreateProductView.swift in Sources */,
				71E45FB02B486C8000941CE7 /* ProfileView.swift in Sources */,
				713A29042B91FDBF00CE720D /* ProductDetailEditVM.swift in Sources */,
				71E45F9C2B48568F00941CE7 /* GiftShopApp.swift in Sources */,
				71E45FBA2B48776900941CE7 /* CatalogVM.swift in Sources */,
				71DCC3212B9A20BE00442C32 /* Extentions.swift in Sources */,
				713A29022B91FD5100CE720D /* ProductDetailEditView.swift in Sources */,
				71AD03B52B768A00006231F9 /* OrderDetailVM.swift in Sources */,
				71AD03B02B768663006231F9 /* StatusColors.swift in Sources */,
				711ED8EA2B50085B0052752F /* AuthService.swift in Sources */,
				711ED9622B504B150052752F /* ProductsRepository.swift in Sources */,
				714F7AE52B599D9900E533AD /* ProfileService.swift in Sources */,
				714F76BD2B602AA200931C2A /* Texts.swift in Sources */,
			);
			runOnlyForDeploymentPostprocessing = 0;
		};
/* End PBXSourcesBuildPhase section */

/* Begin PBXVariantGroup section */
		71BE6A902BA85A1E0004ED32 /* Localizable.strings */ = {
			isa = PBXVariantGroup;
			children = (
				71BE6A912BA85A1E0004ED32 /* en */,
				71BE6A932BA85D520004ED32 /* ru */,
			);
			name = Localizable.strings;
			sourceTree = "<group>";
		};
/* End PBXVariantGroup section */

/* Begin XCBuildConfiguration section */
		71E45FA42B48569000941CE7 /* Debug */ = {
			isa = XCBuildConfiguration;
			buildSettings = {
				ALWAYS_SEARCH_USER_PATHS = NO;
				ASSETCATALOG_COMPILER_GENERATE_SWIFT_ASSET_SYMBOL_EXTENSIONS = YES;
				CLANG_ANALYZER_LOCALIZABILITY_NONLOCALIZED = YES;
				CLANG_ANALYZER_NONNULL = YES;
				CLANG_ANALYZER_NUMBER_OBJECT_CONVERSION = YES_AGGRESSIVE;
				CLANG_CXX_LANGUAGE_STANDARD = "gnu++20";
				CLANG_ENABLE_MODULES = YES;
				CLANG_ENABLE_OBJC_ARC = YES;
				CLANG_ENABLE_OBJC_WEAK = YES;
				CLANG_WARN_BLOCK_CAPTURE_AUTORELEASING = YES;
				CLANG_WARN_BOOL_CONVERSION = YES;
				CLANG_WARN_COMMA = YES;
				CLANG_WARN_CONSTANT_CONVERSION = YES;
				CLANG_WARN_DEPRECATED_OBJC_IMPLEMENTATIONS = YES;
				CLANG_WARN_DIRECT_OBJC_ISA_USAGE = YES_ERROR;
				CLANG_WARN_DOCUMENTATION_COMMENTS = YES;
				CLANG_WARN_EMPTY_BODY = YES;
				CLANG_WARN_ENUM_CONVERSION = YES;
				CLANG_WARN_INFINITE_RECURSION = YES;
				CLANG_WARN_INT_CONVERSION = YES;
				CLANG_WARN_NON_LITERAL_NULL_CONVERSION = YES;
				CLANG_WARN_OBJC_IMPLICIT_RETAIN_SELF = YES;
				CLANG_WARN_OBJC_LITERAL_CONVERSION = YES;
				CLANG_WARN_OBJC_ROOT_CLASS = YES_ERROR;
				CLANG_WARN_QUOTED_INCLUDE_IN_FRAMEWORK_HEADER = YES;
				CLANG_WARN_RANGE_LOOP_ANALYSIS = YES;
				CLANG_WARN_STRICT_PROTOTYPES = YES;
				CLANG_WARN_SUSPICIOUS_MOVE = YES;
				CLANG_WARN_UNGUARDED_AVAILABILITY = YES_AGGRESSIVE;
				CLANG_WARN_UNREACHABLE_CODE = YES;
				CLANG_WARN__DUPLICATE_METHOD_MATCH = YES;
				COPY_PHASE_STRIP = NO;
				DEBUG_INFORMATION_FORMAT = dwarf;
				ENABLE_STRICT_OBJC_MSGSEND = YES;
				ENABLE_TESTABILITY = YES;
				ENABLE_USER_SCRIPT_SANDBOXING = YES;
				GCC_C_LANGUAGE_STANDARD = gnu17;
				GCC_DYNAMIC_NO_PIC = NO;
				GCC_NO_COMMON_BLOCKS = YES;
				GCC_OPTIMIZATION_LEVEL = 0;
				GCC_PREPROCESSOR_DEFINITIONS = (
					"DEBUG=1",
					"$(inherited)",
				);
				GCC_WARN_64_TO_32_BIT_CONVERSION = YES;
				GCC_WARN_ABOUT_RETURN_TYPE = YES_ERROR;
				GCC_WARN_UNDECLARED_SELECTOR = YES;
				GCC_WARN_UNINITIALIZED_AUTOS = YES_AGGRESSIVE;
				GCC_WARN_UNUSED_FUNCTION = YES;
				GCC_WARN_UNUSED_VARIABLE = YES;
				IPHONEOS_DEPLOYMENT_TARGET = 17.2;
				LOCALIZATION_PREFERS_STRING_CATALOGS = YES;
				MTL_ENABLE_DEBUG_INFO = INCLUDE_SOURCE;
				MTL_FAST_MATH = YES;
				ONLY_ACTIVE_ARCH = YES;
				SDKROOT = iphoneos;
				SWIFT_ACTIVE_COMPILATION_CONDITIONS = "DEBUG $(inherited)";
				SWIFT_OPTIMIZATION_LEVEL = "-Onone";
			};
			name = Debug;
		};
		71E45FA52B48569000941CE7 /* Release */ = {
			isa = XCBuildConfiguration;
			buildSettings = {
				ALWAYS_SEARCH_USER_PATHS = NO;
				ASSETCATALOG_COMPILER_GENERATE_SWIFT_ASSET_SYMBOL_EXTENSIONS = YES;
				CLANG_ANALYZER_LOCALIZABILITY_NONLOCALIZED = YES;
				CLANG_ANALYZER_NONNULL = YES;
				CLANG_ANALYZER_NUMBER_OBJECT_CONVERSION = YES_AGGRESSIVE;
				CLANG_CXX_LANGUAGE_STANDARD = "gnu++20";
				CLANG_ENABLE_MODULES = YES;
				CLANG_ENABLE_OBJC_ARC = YES;
				CLANG_ENABLE_OBJC_WEAK = YES;
				CLANG_WARN_BLOCK_CAPTURE_AUTORELEASING = YES;
				CLANG_WARN_BOOL_CONVERSION = YES;
				CLANG_WARN_COMMA = YES;
				CLANG_WARN_CONSTANT_CONVERSION = YES;
				CLANG_WARN_DEPRECATED_OBJC_IMPLEMENTATIONS = YES;
				CLANG_WARN_DIRECT_OBJC_ISA_USAGE = YES_ERROR;
				CLANG_WARN_DOCUMENTATION_COMMENTS = YES;
				CLANG_WARN_EMPTY_BODY = YES;
				CLANG_WARN_ENUM_CONVERSION = YES;
				CLANG_WARN_INFINITE_RECURSION = YES;
				CLANG_WARN_INT_CONVERSION = YES;
				CLANG_WARN_NON_LITERAL_NULL_CONVERSION = YES;
				CLANG_WARN_OBJC_IMPLICIT_RETAIN_SELF = YES;
				CLANG_WARN_OBJC_LITERAL_CONVERSION = YES;
				CLANG_WARN_OBJC_ROOT_CLASS = YES_ERROR;
				CLANG_WARN_QUOTED_INCLUDE_IN_FRAMEWORK_HEADER = YES;
				CLANG_WARN_RANGE_LOOP_ANALYSIS = YES;
				CLANG_WARN_STRICT_PROTOTYPES = YES;
				CLANG_WARN_SUSPICIOUS_MOVE = YES;
				CLANG_WARN_UNGUARDED_AVAILABILITY = YES_AGGRESSIVE;
				CLANG_WARN_UNREACHABLE_CODE = YES;
				CLANG_WARN__DUPLICATE_METHOD_MATCH = YES;
				COPY_PHASE_STRIP = NO;
				DEBUG_INFORMATION_FORMAT = "dwarf-with-dsym";
				ENABLE_NS_ASSERTIONS = NO;
				ENABLE_STRICT_OBJC_MSGSEND = YES;
				ENABLE_USER_SCRIPT_SANDBOXING = YES;
				GCC_C_LANGUAGE_STANDARD = gnu17;
				GCC_NO_COMMON_BLOCKS = YES;
				GCC_WARN_64_TO_32_BIT_CONVERSION = YES;
				GCC_WARN_ABOUT_RETURN_TYPE = YES_ERROR;
				GCC_WARN_UNDECLARED_SELECTOR = YES;
				GCC_WARN_UNINITIALIZED_AUTOS = YES_AGGRESSIVE;
				GCC_WARN_UNUSED_FUNCTION = YES;
				GCC_WARN_UNUSED_VARIABLE = YES;
				IPHONEOS_DEPLOYMENT_TARGET = 17.2;
				LOCALIZATION_PREFERS_STRING_CATALOGS = YES;
				MTL_ENABLE_DEBUG_INFO = NO;
				MTL_FAST_MATH = YES;
				ONLY_ACTIVE_ARCH = NO;
				SDKROOT = iphoneos;
				SWIFT_COMPILATION_MODE = wholemodule;
				VALIDATE_PRODUCT = YES;
			};
			name = Release;
		};
		71E45FA72B48569000941CE7 /* Debug */ = {
			isa = XCBuildConfiguration;
			baseConfigurationReference = 5811559A5B9260F571E67C59 /* Pods-GiftShop.debug.xcconfig */;
			buildSettings = {
				ASSETCATALOG_COMPILER_APPICON_NAME = AppIcon;
				ASSETCATALOG_COMPILER_GLOBAL_ACCENT_COLOR_NAME = AccentColor;
				CODE_SIGN_STYLE = Automatic;
				CURRENT_PROJECT_VERSION = 1;
				DEVELOPMENT_ASSET_PATHS = "\"GiftShop/Preview Content\"";
				DEVELOPMENT_TEAM = 9N6US9U86T;
				ENABLE_PREVIEWS = YES;
				GENERATE_INFOPLIST_FILE = YES;
				INFOPLIST_KEY_UIApplicationSceneManifest_Generation = YES;
				INFOPLIST_KEY_UIApplicationSupportsIndirectInputEvents = YES;
				INFOPLIST_KEY_UILaunchScreen_Generation = YES;
				INFOPLIST_KEY_UISupportedInterfaceOrientations = UIInterfaceOrientationPortrait;
				INFOPLIST_KEY_UISupportedInterfaceOrientations_iPad = "UIInterfaceOrientationPortrait UIInterfaceOrientationPortraitUpsideDown";
				LD_RUNPATH_SEARCH_PATHS = (
					"$(inherited)",
					"@executable_path/Frameworks",
				);
				MARKETING_VERSION = 1.0;
				PRODUCT_BUNDLE_IDENTIFIER = com.stasy.GiftShop;
				PRODUCT_NAME = "$(TARGET_NAME)";
				SUPPORTED_PLATFORMS = "iphoneos iphonesimulator";
				SUPPORTS_MACCATALYST = NO;
				SUPPORTS_MAC_DESIGNED_FOR_IPHONE_IPAD = NO;
				SUPPORTS_XR_DESIGNED_FOR_IPHONE_IPAD = NO;
				SWIFT_EMIT_LOC_STRINGS = YES;
				SWIFT_VERSION = 5.0;
				TARGETED_DEVICE_FAMILY = "1,2";
			};
			name = Debug;
		};
		71E45FA82B48569000941CE7 /* Release */ = {
			isa = XCBuildConfiguration;
			baseConfigurationReference = 51EA9A0E1F65AD52C0CE210C /* Pods-GiftShop.release.xcconfig */;
			buildSettings = {
				ASSETCATALOG_COMPILER_APPICON_NAME = AppIcon;
				ASSETCATALOG_COMPILER_GLOBAL_ACCENT_COLOR_NAME = AccentColor;
				CODE_SIGN_STYLE = Automatic;
				CURRENT_PROJECT_VERSION = 1;
				DEVELOPMENT_ASSET_PATHS = "\"GiftShop/Preview Content\"";
				DEVELOPMENT_TEAM = 9N6US9U86T;
				ENABLE_PREVIEWS = YES;
				GENERATE_INFOPLIST_FILE = YES;
				INFOPLIST_KEY_UIApplicationSceneManifest_Generation = YES;
				INFOPLIST_KEY_UIApplicationSupportsIndirectInputEvents = YES;
				INFOPLIST_KEY_UILaunchScreen_Generation = YES;
				INFOPLIST_KEY_UISupportedInterfaceOrientations = UIInterfaceOrientationPortrait;
				INFOPLIST_KEY_UISupportedInterfaceOrientations_iPad = "UIInterfaceOrientationPortrait UIInterfaceOrientationPortraitUpsideDown";
				LD_RUNPATH_SEARCH_PATHS = (
					"$(inherited)",
					"@executable_path/Frameworks",
				);
				MARKETING_VERSION = 1.0;
				PRODUCT_BUNDLE_IDENTIFIER = com.stasy.GiftShop;
				PRODUCT_NAME = "$(TARGET_NAME)";
				SUPPORTED_PLATFORMS = "iphoneos iphonesimulator";
				SUPPORTS_MACCATALYST = NO;
				SUPPORTS_MAC_DESIGNED_FOR_IPHONE_IPAD = NO;
				SUPPORTS_XR_DESIGNED_FOR_IPHONE_IPAD = NO;
				SWIFT_EMIT_LOC_STRINGS = YES;
				SWIFT_VERSION = 5.0;
				TARGETED_DEVICE_FAMILY = "1,2";
			};
			name = Release;
		};
/* End XCBuildConfiguration section */

/* Begin XCConfigurationList section */
		71E45F932B48568F00941CE7 /* Build configuration list for PBXProject "GiftShop" */ = {
			isa = XCConfigurationList;
			buildConfigurations = (
				71E45FA42B48569000941CE7 /* Debug */,
				71E45FA52B48569000941CE7 /* Release */,
			);
			defaultConfigurationIsVisible = 0;
			defaultConfigurationName = Release;
		};
		71E45FA62B48569000941CE7 /* Build configuration list for PBXNativeTarget "GiftShop" */ = {
			isa = XCConfigurationList;
			buildConfigurations = (
				71E45FA72B48569000941CE7 /* Debug */,
				71E45FA82B48569000941CE7 /* Release */,
			);
			defaultConfigurationIsVisible = 0;
			defaultConfigurationName = Release;
		};
/* End XCConfigurationList section */

/* Begin XCRemoteSwiftPackageReference section */
		711ED92B2B5010BE0052752F /* XCRemoteSwiftPackageReference "firebase-ios-sdk" */ = {
			isa = XCRemoteSwiftPackageReference;
			repositoryURL = "https://github.com/firebase/firebase-ios-sdk";
			requirement = {
				kind = upToNextMajorVersion;
				minimumVersion = 10.19.1;
			};
		};
		714F76B62B60020900931C2A /* XCRemoteSwiftPackageReference "SDWebImageSwiftUI" */ = {
			isa = XCRemoteSwiftPackageReference;
			repositoryURL = "https://github.com/SDWebImage/SDWebImageSwiftUI.git";
			requirement = {
				kind = upToNextMajorVersion;
				minimumVersion = 2.2.6;
			};
		};
/* End XCRemoteSwiftPackageReference section */

/* Begin XCSwiftPackageProductDependency section */
		711ED92C2B5010BE0052752F /* FirebaseAppCheck */ = {
			isa = XCSwiftPackageProductDependency;
			package = 711ED92B2B5010BE0052752F /* XCRemoteSwiftPackageReference "firebase-ios-sdk" */;
			productName = FirebaseAppCheck;
		};
		711ED92E2B5010BE0052752F /* FirebaseAppDistribution-Beta */ = {
			isa = XCSwiftPackageProductDependency;
			package = 711ED92B2B5010BE0052752F /* XCRemoteSwiftPackageReference "firebase-ios-sdk" */;
			productName = "FirebaseAppDistribution-Beta";
		};
		711ED9302B5010BE0052752F /* FirebaseAuth */ = {
			isa = XCSwiftPackageProductDependency;
			package = 711ED92B2B5010BE0052752F /* XCRemoteSwiftPackageReference "firebase-ios-sdk" */;
			productName = FirebaseAuth;
		};
		711ED9322B5010BE0052752F /* FirebaseAuthCombine-Community */ = {
			isa = XCSwiftPackageProductDependency;
			package = 711ED92B2B5010BE0052752F /* XCRemoteSwiftPackageReference "firebase-ios-sdk" */;
			productName = "FirebaseAuthCombine-Community";
		};
		711ED9342B5010BE0052752F /* FirebaseCrashlytics */ = {
			isa = XCSwiftPackageProductDependency;
			package = 711ED92B2B5010BE0052752F /* XCRemoteSwiftPackageReference "firebase-ios-sdk" */;
			productName = FirebaseCrashlytics;
		};
		711ED9362B5010BE0052752F /* FirebaseDatabase */ = {
			isa = XCSwiftPackageProductDependency;
			package = 711ED92B2B5010BE0052752F /* XCRemoteSwiftPackageReference "firebase-ios-sdk" */;
			productName = FirebaseDatabase;
		};
		711ED9382B5010BE0052752F /* FirebaseDatabaseSwift */ = {
			isa = XCSwiftPackageProductDependency;
			package = 711ED92B2B5010BE0052752F /* XCRemoteSwiftPackageReference "firebase-ios-sdk" */;
			productName = FirebaseDatabaseSwift;
		};
		711ED93A2B5010BE0052752F /* FirebaseDynamicLinks */ = {
			isa = XCSwiftPackageProductDependency;
			package = 711ED92B2B5010BE0052752F /* XCRemoteSwiftPackageReference "firebase-ios-sdk" */;
			productName = FirebaseDynamicLinks;
		};
		711ED93C2B5010BE0052752F /* FirebaseFirestore */ = {
			isa = XCSwiftPackageProductDependency;
			package = 711ED92B2B5010BE0052752F /* XCRemoteSwiftPackageReference "firebase-ios-sdk" */;
			productName = FirebaseFirestore;
		};
		711ED93E2B5010BE0052752F /* FirebaseFirestoreCombine-Community */ = {
			isa = XCSwiftPackageProductDependency;
			package = 711ED92B2B5010BE0052752F /* XCRemoteSwiftPackageReference "firebase-ios-sdk" */;
			productName = "FirebaseFirestoreCombine-Community";
		};
		711ED9402B5010BE0052752F /* FirebaseFirestoreSwift */ = {
			isa = XCSwiftPackageProductDependency;
			package = 711ED92B2B5010BE0052752F /* XCRemoteSwiftPackageReference "firebase-ios-sdk" */;
			productName = FirebaseFirestoreSwift;
		};
		711ED9422B5010BE0052752F /* FirebaseFunctions */ = {
			isa = XCSwiftPackageProductDependency;
			package = 711ED92B2B5010BE0052752F /* XCRemoteSwiftPackageReference "firebase-ios-sdk" */;
			productName = FirebaseFunctions;
		};
		711ED9442B5010BE0052752F /* FirebaseFunctionsCombine-Community */ = {
			isa = XCSwiftPackageProductDependency;
			package = 711ED92B2B5010BE0052752F /* XCRemoteSwiftPackageReference "firebase-ios-sdk" */;
			productName = "FirebaseFunctionsCombine-Community";
		};
		711ED9462B5010BE0052752F /* FirebaseInAppMessaging-Beta */ = {
			isa = XCSwiftPackageProductDependency;
			package = 711ED92B2B5010BE0052752F /* XCRemoteSwiftPackageReference "firebase-ios-sdk" */;
			productName = "FirebaseInAppMessaging-Beta";
		};
		711ED9482B5010BE0052752F /* FirebaseInAppMessagingSwift-Beta */ = {
			isa = XCSwiftPackageProductDependency;
			package = 711ED92B2B5010BE0052752F /* XCRemoteSwiftPackageReference "firebase-ios-sdk" */;
			productName = "FirebaseInAppMessagingSwift-Beta";
		};
		711ED94A2B5010BE0052752F /* FirebaseInstallations */ = {
			isa = XCSwiftPackageProductDependency;
			package = 711ED92B2B5010BE0052752F /* XCRemoteSwiftPackageReference "firebase-ios-sdk" */;
			productName = FirebaseInstallations;
		};
		711ED94C2B5010BE0052752F /* FirebaseMLModelDownloader */ = {
			isa = XCSwiftPackageProductDependency;
			package = 711ED92B2B5010BE0052752F /* XCRemoteSwiftPackageReference "firebase-ios-sdk" */;
			productName = FirebaseMLModelDownloader;
		};
		711ED94E2B5010BE0052752F /* FirebaseRemoteConfig */ = {
			isa = XCSwiftPackageProductDependency;
			package = 711ED92B2B5010BE0052752F /* XCRemoteSwiftPackageReference "firebase-ios-sdk" */;
			productName = FirebaseRemoteConfig;
		};
		711ED9502B5010BE0052752F /* FirebaseRemoteConfigSwift */ = {
			isa = XCSwiftPackageProductDependency;
			package = 711ED92B2B5010BE0052752F /* XCRemoteSwiftPackageReference "firebase-ios-sdk" */;
			productName = FirebaseRemoteConfigSwift;
		};
		711ED9522B5010BE0052752F /* FirebaseStorage */ = {
			isa = XCSwiftPackageProductDependency;
			package = 711ED92B2B5010BE0052752F /* XCRemoteSwiftPackageReference "firebase-ios-sdk" */;
			productName = FirebaseStorage;
		};
		711ED9542B5010BE0052752F /* FirebaseStorageCombine-Community */ = {
			isa = XCSwiftPackageProductDependency;
			package = 711ED92B2B5010BE0052752F /* XCRemoteSwiftPackageReference "firebase-ios-sdk" */;
			productName = "FirebaseStorageCombine-Community";
		};
		714F76B72B60020900931C2A /* SDWebImageSwiftUI */ = {
			isa = XCSwiftPackageProductDependency;
			package = 714F76B62B60020900931C2A /* XCRemoteSwiftPackageReference "SDWebImageSwiftUI" */;
			productName = SDWebImageSwiftUI;
		};
/* End XCSwiftPackageProductDependency section */
	};
	rootObject = 71E45F902B48568F00941CE7 /* Project object */;
}
